{
  "name": "@dcl/legacy-ecs",
  "version": "0.0.0",
  "lockfileVersion": 2,
  "requires": true,
  "packages": {
    "": {
      "name": "@dcl/legacy-ecs",
      "version": "0.0.0",
      "license": "Apache-2.0",
      "dependencies": {
        "@dcl/ecs-math": "^1.0.1",
        "@dcl/posix": "^1.0.3"
      }
    },
    "node_modules/@dcl/ecs-math": {
      "version": "1.0.1",
      "resolved": "https://registry.npmjs.org/@dcl/ecs-math/-/ecs-math-1.0.1.tgz",
      "integrity": "sha512-eTWiJzXlcTSjIHP67hJoumrzV5PUwGpqwgpJjPkvTwaini3/ZLmIricTG7Yn8OP9WEBNpYrKYY4CrImZ1b+w5Q=="
    },
    "node_modules/@dcl/posix": {
      "version": "1.0.3",
      "resolved": "https://registry.npmjs.org/@dcl/posix/-/posix-1.0.3.tgz",
      "integrity": "sha512-oY0MAPxnaws95u/G0jJoQq5GLz2viUXT8G9qiB1Bwai01PrML5GCTvOfZK+jfUE/HW0DEocAGjtz8aNbgh6xIA=="
    }
  },
  "dependencies": {
    "@dcl/ecs-math": {
      "version": "1.0.1",
      "resolved": "https://registry.npmjs.org/@dcl/ecs-math/-/ecs-math-1.0.1.tgz",
      "integrity": "sha512-eTWiJzXlcTSjIHP67hJoumrzV5PUwGpqwgpJjPkvTwaini3/ZLmIricTG7Yn8OP9WEBNpYrKYY4CrImZ1b+w5Q=="
    },
    "@dcl/posix": {
      "version": "1.0.3",
      "resolved": "https://registry.npmjs.org/@dcl/posix/-/posix-1.0.3.tgz",
      "integrity": "sha512-oY0MAPxnaws95u/G0jJoQq5GLz2viUXT8G9qiB1Bwai01PrML5GCTvOfZK+jfUE/HW0DEocAGjtz8aNbgh6xIA=="
    }
  }
}
