{
  "name": "@dcl/legacy-ecs",
  "version": "0.0.0",
  "lockfileVersion": 2,
  "requires": true,
  "packages": {
    "": {
      "name": "@dcl/legacy-ecs",
      "version": "0.0.0",
      "license": "Apache-2.0",
      "dependencies": {
        "@dcl/ecs-math": "^1.0.1-20211130194043.commit-c994f71",
        "@dcl/posix": "^1.0.3"
      }
    },
    "node_modules/@dcl/ecs-math": {
      "version": "1.0.1-20211130194043.commit-c994f71",
      "resolved": "https://registry.npmjs.org/@dcl/ecs-math/-/ecs-math-1.0.1-20211130194043.commit-c994f71.tgz",
      "integrity": "sha512-PNWHS2QMY2NYI2Fw/BLgxDKR8JRa4Iv4gSoE3mLLYanHZjXBs+7tTwRel05IB/ix+dhE0pISLq4ZuUfh2KyFcg=="
    },
    "node_modules/@dcl/posix": {
      "version": "1.0.3",
      "resolved": "https://registry.npmjs.org/@dcl/posix/-/posix-1.0.3.tgz",
      "integrity": "sha512-oY0MAPxnaws95u/G0jJoQq5GLz2viUXT8G9qiB1Bwai01PrML5GCTvOfZK+jfUE/HW0DEocAGjtz8aNbgh6xIA=="
    }
  },
  "dependencies": {
    "@dcl/ecs-math": {
      "version": "1.0.1-20211130194043.commit-c994f71",
      "resolved": "https://registry.npmjs.org/@dcl/ecs-math/-/ecs-math-1.0.1-20211130194043.commit-c994f71.tgz",
      "integrity": "sha512-PNWHS2QMY2NYI2Fw/BLgxDKR8JRa4Iv4gSoE3mLLYanHZjXBs+7tTwRel05IB/ix+dhE0pISLq4ZuUfh2KyFcg=="
    },
    "@dcl/posix": {
      "version": "1.0.3",
      "resolved": "https://registry.npmjs.org/@dcl/posix/-/posix-1.0.3.tgz",
      "integrity": "sha512-oY0MAPxnaws95u/G0jJoQq5GLz2viUXT8G9qiB1Bwai01PrML5GCTvOfZK+jfUE/HW0DEocAGjtz8aNbgh6xIA=="
    }
  }
}
