{
  "name": "simple-scene",
  "version": "1.0.0",
  "lockfileVersion": 2,
  "requires": true,
  "packages": {
    "": {
      "name": "simple-scene",
      "version": "1.0.0",
      "license": "Apache-2.0",
      "devDependencies": {
        "@dcl/sdk": "file:../../../../packages/@dcl/sdk"
      }
    },
    "../../../../packages/@dcl/sdk": {
      "version": "7.0.0",
      "dev": true,
      "license": "Apache-2.0",
      "dependencies": {
        "@dcl/amd": "0.0.0",
        "@dcl/build-ecs": "0.0.0",
        "@dcl/kernel": "1.0.0-2638443584.commit-696a74b",
        "@dcl/posix": "^1.0.4",
        "@dcl/schemas": "4.8.0",
        "@dcl/unity-renderer": "^1.0.40531-20220621125654.commit-472137e",
        "glob": "^7.1.7",
        "http-proxy-middleware": "^2.0.3",
        "ignore": "^5.1.8"
      }
    },
    "node_modules/@dcl/sdk": {
      "resolved": "../../../../packages/@dcl/sdk",
      "link": true
    }
  },
  "dependencies": {
    "@dcl/sdk": {
      "version": "file:../../../../packages/@dcl/sdk",
      "requires": {
        "@dcl/amd": "0.0.0",
        "@dcl/build-ecs": "0.0.0",
        "@dcl/kernel": "1.0.0-2638443584.commit-696a74b",
        "@dcl/posix": "^1.0.4",
        "@dcl/schemas": "4.8.0",
        "@dcl/unity-renderer": "^1.0.40531-20220621125654.commit-472137e",
        "glob": "^7.1.7",
        "http-proxy-middleware": "^2.0.3",
        "ignore": "^5.1.8"
      }
    }
  }
}
