{
  "name": "snapshots",
  "version": "1.0.0",
  "lockfileVersion": 3,
  "requires": true,
  "packages": {
    "": {
      "version": "1.0.0",
      "license": "Apache-2.0",
      "devDependencies": {
        "@dcl/ecs": "file:../../packages/@dcl/ecs",
        "@dcl/js-runtime": "file:../../packages/@dcl/js-runtime",
        "@dcl/sdk": "file:../../packages/@dcl/sdk",
        "@dcl/sdk-commands": "file:../../packages/@dcl/sdk-commands"
      }
    },
    "../../../packages/@dcl/ecs": {
      "version": "7.0.0",
      "extraneous": true,
      "license": "Apache-2.0",
      "dependencies": {
        "@dcl/js-runtime": "file:../js-runtime"
      },
      "devDependencies": {
        "ts-proto": "^1.122.0"
      }
    },
    "../../../packages/@dcl/inspector": {
      "version": "0.1.0",
      "extraneous": true,
      "devDependencies": {
        "@babylonjs/core": "^5.48.0",
        "@babylonjs/gui": "^5.48.0",
        "@babylonjs/inspector": "^5.48.0",
        "@babylonjs/loaders": "^5.48.0",
        "@babylonjs/materials": "^5.48.0",
        "@dcl/ecs": "file:../ecs",
        "@dcl/ecs-math": "2.0.1-20221129185242.commit-40495c1",
        "@dcl/js-runtime": "file:../js-runtime",
        "@dcl/rpc": "^1.1.1",
        "@dcl/schemas": "^6.11.1",
        "@types/deep-equal": "^1.0.1",
        "@types/node": "^18.11.18",
        "@types/react": "^18.0.27",
        "@types/react-dom": "^18.0.10",
        "@vscode/webview-ui-toolkit": "^1.2.2",
        "@well-known-components/pushable-channel": "^1.0.3",
        "classnames": "^2.3.2",
        "decentraland-ui": "^3.87.2",
        "deep-equal": "^2.2.0",
        "esbuild": "^0.17.12",
        "fp-future": "^1.0.1",
        "mitt": "^3.0.0",
        "react": "^18.2.0",
        "react-dnd": "^16.0.1",
        "react-dnd-html5-backend": "^16.0.1",
        "react-dom": "^18.2.0",
        "react-icons": "^4.7.1",
        "typescript": "^5.0.2"
      }
    },
    "../../../packages/@dcl/js-runtime": {
      "version": "7.0.0",
      "extraneous": true,
      "license": "Apache-2.0"
    },
    "../../../packages/@dcl/react-ecs": {
      "version": "0.0.1",
      "extraneous": true,
      "license": "Apache-2.0",
      "dependencies": {
        "@dcl/ecs": "file:../ecs",
        "react": "^18.2.0",
        "react-reconciler": "^0.29.0"
      },
      "devDependencies": {
        "@types/react": "^18.0.27",
        "@types/react-reconciler": "^0.28.0"
      }
    },
    "../../../packages/@dcl/sdk": {
      "version": "7.0.0",
      "extraneous": true,
      "license": "Apache-2.0",
      "dependencies": {
        "@dcl/ecs": "file:../ecs",
        "@dcl/ecs-math": "2.0.1-20221129185242.commit-40495c1",
        "@dcl/explorer": "1.0.92953-20230320185045.commit-aed694a",
        "@dcl/js-runtime": "file:../js-runtime",
        "@dcl/react-ecs": "file:../react-ecs",
        "@dcl/sdk-commands": "file:../sdk-commands"
      }
    },
    "../../../packages/@dcl/sdk-commands": {
      "version": "7.0.0",
      "extraneous": true,
      "license": "Apache-2.0",
      "dependencies": {
        "@dcl/hashing": "1.1.3",
        "@dcl/inspector": "file:../inspector",
        "@dcl/linker-dapp": "0.7.0",
        "@dcl/mini-comms": "1.0.1-20230216163137.commit-a4c75be",
        "@dcl/protocol": "1.0.0-4493564897.commit-c858f8a",
        "@dcl/rpc": "^1.1.1",
        "@dcl/schemas": "^6.11.1",
        "@segment/analytics-node": "^1.0.0-beta.22",
        "@well-known-components/env-config-provider": "^1.2.0",
        "@well-known-components/http-server": "^2.0.0-20230216161243.commit-bfe3f0a",
        "@well-known-components/logger": "^3.1.2",
        "@well-known-components/metrics": "^2.0.1",
        "arg": "^5.0.2",
        "chokidar": "^3.5.3",
        "colorette": "^2.0.19",
        "dcl-catalyst-client": "^14.0.9",
        "esbuild": "^0.17.12",
        "extract-zip": "2.0.1",
        "fp-future": "^1.0.1",
        "glob": "^9.3.2",
        "ignore": "^5.2.4",
        "node-fetch": "^2.6.8",
        "open": "^8.4.0",
        "portfinder": "^1.0.32",
        "typescript": "^5.0.2",
        "undici": "^5.19.1",
        "uuid": "^9.0.0"
      },
      "bin": {
        "sdk-commands": "dist/index.js"
      },
      "devDependencies": {
        "@types/node-fetch": "^2.6.1",
        "@types/uuid": "^9.0.1",
        "@types/ws": "^8.5.4"
      }
    },
    "../../packages/@dcl/ecs": {
      "version": "7.0.0",
      "dev": true,
      "license": "Apache-2.0"
    },
    "../../packages/@dcl/js-runtime": {
      "version": "7.0.0",
      "dev": true,
      "license": "Apache-2.0"
    },
    "../../packages/@dcl/sdk": {
      "version": "7.0.0",
      "dev": true,
      "license": "Apache-2.0",
      "dependencies": {
        "@dcl/ecs": "file:../ecs",
        "@dcl/ecs-math": "2.0.2",
        "@dcl/explorer": "1.0.161055-20240311152126.commit-cae33b0",
        "@dcl/js-runtime": "file:../js-runtime",
        "@dcl/react-ecs": "file:../react-ecs",
        "@dcl/sdk-commands": "file:../sdk-commands",
        "text-encoding": "0.7.0"
      }
    },
    "../../packages/@dcl/sdk-commands": {
      "version": "7.0.0",
      "dev": true,
      "license": "Apache-2.0",
      "dependencies": {
        "@dcl/crypto": "^3.4.4",
        "@dcl/ecs": "file:../ecs",
        "@dcl/hashing": "1.1.3",
        "@dcl/inspector": "file:../inspector",
        "@dcl/linker-dapp": "^0.12.0",
        "@dcl/mini-comms": "1.0.1-20230216163137.commit-a4c75be",
        "@dcl/protocol": "1.0.0-7716486147.commit-7433b10",
        "@dcl/quests-client": "^1.0.3",
        "@dcl/quests-manager": "^0.1.4",
        "@dcl/rpc": "^1.1.1",
        "@dcl/schemas": "^8.2.3-20230718182824.commit-356025c",
        "@segment/analytics-node": "^1.1.3",
        "@well-known-components/env-config-provider": "^1.2.0",
        "@well-known-components/fetch-component": "^2.0.2",
        "@well-known-components/http-server": "^2.0.0-20230501134558.commit-be9a25d",
        "@well-known-components/logger": "^3.1.2",
        "@well-known-components/metrics": "^2.0.1",
        "archiver": "^5.3.1",
        "arg": "^5.0.2",
        "chokidar": "^3.5.3",
        "colorette": "^2.0.19",
        "dcl-catalyst-client": "^21.5.0",
        "esbuild": "^0.18.17",
        "extract-zip": "2.0.1",
        "fp-future": "^1.0.1",
        "glob": "^9.3.2",
        "ignore": "^5.2.4",
        "node-fetch": "^2.7.0",
        "open": "^8.4.0",
        "portfinder": "^1.0.32",
        "prompts": "^2.4.2",
        "typescript": "^5.0.2",
        "undici": "^5.19.1",
        "uuid": "^9.0.1"
      },
      "bin": {
        "sdk-commands": "dist/index.js"
      },
      "devDependencies": {
        "@types/archiver": "^5.3.2",
        "@types/node-fetch": "^2.6.4",
        "@types/prompts": "^2.4.4",
        "@types/uuid": "^9.0.5",
        "@types/ws": "^8.5.4"
      }
    },
    "node_modules/@dcl/ecs": {
      "resolved": "../../packages/@dcl/ecs",
      "link": true
    },
    "node_modules/@dcl/js-runtime": {
      "resolved": "../../packages/@dcl/js-runtime",
      "link": true
    },
    "node_modules/@dcl/sdk": {
      "resolved": "../../packages/@dcl/sdk",
      "link": true
    },
    "node_modules/@dcl/sdk-commands": {
      "resolved": "../../packages/@dcl/sdk-commands",
      "link": true
    }
  }
}
