{
  "name": "@dcl/amd",
  "version": "0.0.0",
  "lockfileVersion": 1,
  "requires": true,
  "dependencies": {
    "@dcl/posix": {
      "version": "1.0.3-20211123171510.commit-fd24eb2",
      "resolved": "https://registry.npmjs.org/@dcl/posix/-/posix-1.0.3-20211123171510.commit-fd24eb2.tgz",
      "integrity": "sha512-ZaPhTq52emOmTaEPwPlm8o54grExcCihhGInJL4zJeJtWfz1toZz5q93WjammjxhO1+xJplEXYXtnsrbs4OlhQ==",
      "dev": true
    }
  }
}
