{
  "name": "@dcl/amd",
  "version": "0.0.0",
  "lockfileVersion": 1,
  "requires": true,
  "dependencies": {
    "@dcl/posix": {
      "version": "1.0.3-20211118190143.commit-0989fa3",
      "resolved": "https://registry.npmjs.org/@dcl/posix/-/posix-1.0.3-20211118190143.commit-0989fa3.tgz",
      "integrity": "sha512-dXDlhrdHKsHe4enTGtaqTFHSb0Kni1N4HGlXwtuLTmqeTbCUpSVqc/KNPmqXD4X+UQKhoDSCo6cGdC1hk/ZQrw==",
      "dev": true
    }
  }
}
