{
  "name": "@dcl/amd",
  "version": "0.0.0",
  "lockfileVersion": 2,
  "requires": true,
  "packages": {
    "": {
      "name": "@dcl/amd",
      "version": "0.0.0",
      "license": "MIT",
      "devDependencies": {
        "@dcl/posix": "^1.0.4"
      }
    },
    "node_modules/@dcl/posix": {
      "version": "1.0.4",
      "resolved": "https://registry.npmjs.org/@dcl/posix/-/posix-1.0.4.tgz",
      "integrity": "sha512-Z0zpNr2HAxn2cLWUadWGlzaG48Z+N3hg2bI20UH+OT8NJtvCJnAwVBshAG83iAn4BTC+CsUsk4A394jrlv2ZIQ==",
      "dev": true
    }
  },
  "dependencies": {
    "@dcl/posix": {
      "version": "1.0.4",
      "resolved": "https://registry.npmjs.org/@dcl/posix/-/posix-1.0.4.tgz",
      "integrity": "sha512-Z0zpNr2HAxn2cLWUadWGlzaG48Z+N3hg2bI20UH+OT8NJtvCJnAwVBshAG83iAn4BTC+CsUsk4A394jrlv2ZIQ==",
      "dev": true
    }
  }
}
