{
  "name": "@dcl/inspector",
  "version": "0.1.0",
  "lockfileVersion": 2,
  "requires": true,
  "packages": {
    "": {
      "name": "@dcl/inspector",
      "version": "0.1.0",
      "devDependencies": {
        "@babylonjs/core": "^5.48.0",
        "@babylonjs/gui": "^5.48.0",
        "@babylonjs/inspector": "^5.48.0",
        "@babylonjs/loaders": "^5.48.0",
        "@babylonjs/materials": "^5.48.0",
        "@dcl/ecs": "file:../ecs",
        "@dcl/ecs-math": "^2.0.1-20221129185242.commit-40495c1",
        "@dcl/js-runtime": "file:../js-runtime",
        "@dcl/schemas": "^6.11.1",
        "@types/node": "^16.18.11",
        "@types/react": "^18.0.27",
        "@types/react-dom": "^18.0.10",
        "@well-known-components/pushable-channel": "^1.0.3",
        "esbuild": "^0.17.10",
        "fp-future": "^1.0.1",
        "mitt": "^3.0.0",
        "react": "^18.2.0",
        "react-dnd": "^16.0.1",
        "react-dnd-html5-backend": "^16.0.1",
        "react-dom": "^18.2.0",
        "react-icons": "^4.7.1",
        "typescript": "^4.9.4"
      }
    },
    "../ecs": {
      "version": "7.0.0",
      "dev": true,
      "license": "Apache-2.0",
      "dependencies": {
        "@dcl/js-runtime": "file:../js-runtime",
        "@dcl/protocol": "^1.0.0-4408137944.commit-a67c796"
      },
      "devDependencies": {
        "ts-proto": "^1.112.0"
      }
    },
    "../ecs/node_modules/@dcl/js-runtime": {
      "resolved": "../js-runtime",
      "link": true
    },
    "../ecs/node_modules/@dcl/protocol": {
      "version": "1.0.0-4177500465.commit-247c87f",
      "dev": true,
      "license": "Apache-2.0",
      "dependencies": {
        "ts-proto": "^1.126.1"
      }
    },
    "../ecs/node_modules/@protobufjs/aspromise": {
      "version": "1.1.2",
      "dev": true,
      "license": "BSD-3-Clause"
    },
    "../ecs/node_modules/@protobufjs/base64": {
      "version": "1.1.2",
      "dev": true,
      "license": "BSD-3-Clause"
    },
    "../ecs/node_modules/@protobufjs/codegen": {
      "version": "2.0.4",
      "dev": true,
      "license": "BSD-3-Clause"
    },
    "../ecs/node_modules/@protobufjs/eventemitter": {
      "version": "1.1.0",
      "dev": true,
      "license": "BSD-3-Clause"
    },
    "../ecs/node_modules/@protobufjs/fetch": {
      "version": "1.1.0",
      "dev": true,
      "license": "BSD-3-Clause",
      "dependencies": {
        "@protobufjs/aspromise": "^1.1.1",
        "@protobufjs/inquire": "^1.1.0"
      }
    },
    "../ecs/node_modules/@protobufjs/float": {
      "version": "1.0.2",
      "dev": true,
      "license": "BSD-3-Clause"
    },
    "../ecs/node_modules/@protobufjs/inquire": {
      "version": "1.1.0",
      "dev": true,
      "license": "BSD-3-Clause"
    },
    "../ecs/node_modules/@protobufjs/path": {
      "version": "1.1.2",
      "dev": true,
      "license": "BSD-3-Clause"
    },
    "../ecs/node_modules/@protobufjs/pool": {
      "version": "1.1.0",
      "dev": true,
      "license": "BSD-3-Clause"
    },
    "../ecs/node_modules/@protobufjs/utf8": {
      "version": "1.1.0",
      "dev": true,
      "license": "BSD-3-Clause"
    },
    "../ecs/node_modules/@types/long": {
      "version": "4.0.2",
      "dev": true,
      "license": "MIT"
    },
    "../ecs/node_modules/@types/node": {
      "version": "18.8.3",
      "dev": true,
      "license": "MIT"
    },
    "../ecs/node_modules/@types/object-hash": {
      "version": "1.3.4",
      "dev": true,
      "license": "MIT"
    },
    "../ecs/node_modules/dataloader": {
      "version": "1.4.0",
      "dev": true,
      "license": "BSD-3-Clause"
    },
    "../ecs/node_modules/detect-libc": {
      "version": "1.0.3",
      "dev": true,
      "license": "Apache-2.0",
      "bin": {
        "detect-libc": "bin/detect-libc.js"
      },
      "engines": {
        "node": ">=0.10"
      }
    },
    "../ecs/node_modules/dprint-node": {
      "version": "1.0.7",
      "dev": true,
      "license": "MIT",
      "dependencies": {
        "detect-libc": "^1.0.3"
      }
    },
    "../ecs/node_modules/long": {
      "version": "4.0.0",
      "dev": true,
      "license": "Apache-2.0"
    },
    "../ecs/node_modules/object-hash": {
      "version": "1.3.1",
      "dev": true,
      "license": "MIT",
      "engines": {
        "node": ">= 0.10.0"
      }
    },
    "../ecs/node_modules/protobufjs": {
      "version": "6.11.3",
      "dev": true,
      "hasInstallScript": true,
      "license": "BSD-3-Clause",
      "dependencies": {
        "@protobufjs/aspromise": "^1.1.2",
        "@protobufjs/base64": "^1.1.2",
        "@protobufjs/codegen": "^2.0.4",
        "@protobufjs/eventemitter": "^1.1.0",
        "@protobufjs/fetch": "^1.1.0",
        "@protobufjs/float": "^1.0.2",
        "@protobufjs/inquire": "^1.1.0",
        "@protobufjs/path": "^1.1.2",
        "@protobufjs/pool": "^1.1.0",
        "@protobufjs/utf8": "^1.1.0",
        "@types/long": "^4.0.1",
        "@types/node": ">=13.7.0",
        "long": "^4.0.0"
      },
      "bin": {
        "pbjs": "bin/pbjs",
        "pbts": "bin/pbts"
      }
    },
    "../ecs/node_modules/ts-poet": {
      "version": "6.1.0",
      "dev": true,
      "license": "Apache-2.0",
      "dependencies": {
        "dprint-node": "^1.0.7"
      }
    },
    "../ecs/node_modules/ts-proto": {
      "version": "1.126.1",
      "dev": true,
      "license": "ISC",
      "dependencies": {
        "@types/object-hash": "^1.3.0",
        "dataloader": "^1.4.0",
        "object-hash": "^1.3.1",
        "protobufjs": "^6.11.3",
        "ts-poet": "^6.1.0",
        "ts-proto-descriptors": "1.7.1"
      },
      "bin": {
        "protoc-gen-ts_proto": "protoc-gen-ts_proto"
      }
    },
    "../ecs/node_modules/ts-proto-descriptors": {
      "version": "1.7.1",
      "dev": true,
      "license": "ISC",
      "dependencies": {
        "long": "^4.0.0",
        "protobufjs": "^6.8.8"
      }
    },
    "../js-runtime": {
      "version": "7.0.0",
      "dev": true,
      "license": "Apache-2.0"
    },
    "node_modules/@babel/runtime": {
      "version": "7.20.13",
      "dev": true,
      "license": "MIT",
      "dependencies": {
        "regenerator-runtime": "^0.13.11"
      },
      "engines": {
        "node": ">=6.9.0"
      }
    },
    "node_modules/@babylonjs/core": {
      "version": "5.48.0",
      "dev": true,
      "license": "Apache-2.0"
    },
    "node_modules/@babylonjs/gui": {
      "version": "5.48.0",
      "dev": true,
      "license": "Apache-2.0",
      "peerDependencies": {
        "@babylonjs/core": "^5.22.0"
      }
    },
    "node_modules/@babylonjs/gui-editor": {
      "version": "5.48.0",
      "dev": true,
      "license": "Apache-2.0",
      "peer": true,
      "peerDependencies": {
        "@babylonjs/core": "^5.22.0",
        "@babylonjs/gui": "^5.22.0",
        "@types/react": ">=16.7.3",
        "@types/react-dom": ">=16.0.9"
      }
    },
    "node_modules/@babylonjs/inspector": {
      "version": "5.48.0",
      "dev": true,
      "license": "Apache-2.0",
      "dependencies": {
        "@fortawesome/fontawesome-svg-core": "^6.1.0",
        "@fortawesome/free-regular-svg-icons": "^6.0.0",
        "@fortawesome/free-solid-svg-icons": "^6.0.0"
      },
      "peerDependencies": {
        "@babylonjs/core": "^5.22.0",
        "@babylonjs/gui": "^5.22.0",
        "@babylonjs/gui-editor": "^5.22.0",
        "@babylonjs/loaders": "^5.22.0",
        "@babylonjs/materials": "^5.22.0",
        "@babylonjs/serializers": "^5.22.0",
        "@types/react": ">=16.7.3",
        "@types/react-dom": ">=16.0.9"
      }
    },
    "node_modules/@babylonjs/loaders": {
      "version": "5.48.0",
      "dev": true,
      "license": "Apache-2.0",
      "peerDependencies": {
        "@babylonjs/core": "^5.22.0",
        "babylonjs-gltf2interface": "^5.22.0"
      }
    },
    "node_modules/@babylonjs/materials": {
      "version": "5.48.0",
      "dev": true,
      "license": "Apache-2.0",
      "peerDependencies": {
        "@babylonjs/core": "^5.22.0"
      }
    },
    "node_modules/@babylonjs/serializers": {
      "version": "5.48.0",
      "dev": true,
      "license": "Apache-2.0",
      "peer": true,
      "peerDependencies": {
        "@babylonjs/core": "^5.22.0",
        "babylonjs-gltf2interface": "^5.22.0"
      }
    },
    "node_modules/@dcl/ecs": {
      "resolved": "../ecs",
      "link": true
    },
    "node_modules/@dcl/ecs-math": {
      "version": "2.0.1-20221129185242.commit-40495c1",
      "dev": true,
      "license": "Apache-2.0"
    },
    "node_modules/@dcl/js-runtime": {
      "resolved": "../js-runtime",
      "link": true
    },
    "node_modules/@dcl/schemas": {
      "version": "6.11.1",
      "dev": true,
      "license": "Apache-2.0",
      "dependencies": {
        "ajv": "^8.11.0",
        "ajv-errors": "^3.0.0",
        "ajv-keywords": "^5.1.0"
      }
    },
    "node_modules/@esbuild/linux-arm64": {
      "version": "0.17.10",
      "cpu": [
        "arm64"
      ],
      "dev": true,
      "license": "MIT",
      "optional": true,
      "os": [
        "linux"
      ],
      "engines": {
        "node": ">=12"
      }
    },
    "node_modules/@fortawesome/fontawesome-common-types": {
      "version": "6.3.0",
      "dev": true,
      "hasInstallScript": true,
      "license": "MIT",
      "engines": {
        "node": ">=6"
      }
    },
    "node_modules/@fortawesome/fontawesome-svg-core": {
      "version": "6.3.0",
      "dev": true,
      "hasInstallScript": true,
      "license": "MIT",
      "dependencies": {
        "@fortawesome/fontawesome-common-types": "6.3.0"
      },
      "engines": {
        "node": ">=6"
      }
    },
    "node_modules/@fortawesome/free-regular-svg-icons": {
      "version": "6.3.0",
      "dev": true,
      "hasInstallScript": true,
      "license": "(CC-BY-4.0 AND MIT)",
      "dependencies": {
        "@fortawesome/fontawesome-common-types": "6.3.0"
      },
      "engines": {
        "node": ">=6"
      }
    },
    "node_modules/@fortawesome/free-solid-svg-icons": {
      "version": "6.3.0",
      "dev": true,
      "hasInstallScript": true,
      "license": "(CC-BY-4.0 AND MIT)",
      "dependencies": {
        "@fortawesome/fontawesome-common-types": "6.3.0"
      },
      "engines": {
        "node": ">=6"
      }
    },
    "node_modules/@react-dnd/asap": {
      "version": "5.0.2",
      "dev": true,
      "license": "MIT"
    },
    "node_modules/@react-dnd/invariant": {
      "version": "4.0.2",
      "dev": true,
      "license": "MIT"
    },
    "node_modules/@react-dnd/shallowequal": {
      "version": "4.0.2",
      "dev": true,
      "license": "MIT"
    },
    "node_modules/@types/node": {
      "version": "16.18.11",
      "dev": true,
      "license": "MIT"
    },
    "node_modules/@types/prop-types": {
      "version": "15.7.5",
      "dev": true,
      "license": "MIT"
    },
    "node_modules/@types/react": {
      "version": "18.0.27",
      "dev": true,
      "license": "MIT",
      "dependencies": {
        "@types/prop-types": "*",
        "@types/scheduler": "*",
        "csstype": "^3.0.2"
      }
    },
    "node_modules/@types/react-dom": {
      "version": "18.0.10",
      "dev": true,
      "license": "MIT",
      "dependencies": {
        "@types/react": "*"
      }
    },
    "node_modules/@types/scheduler": {
      "version": "0.16.2",
      "dev": true,
      "license": "MIT"
    },
    "node_modules/@well-known-components/pushable-channel": {
      "version": "1.0.3",
      "resolved": "https://registry.npmjs.org/@well-known-components/pushable-channel/-/pushable-channel-1.0.3.tgz",
      "integrity": "sha512-8ibswJXQx7YfmUgzXp02xsIBTw6zrVXgNybV8asvEr1vE/0m/xmZi41+NwTcZmLCNRzsE/i+aRUzNO+oyq/g2g==",
      "dev": true,
      "dependencies": {
        "mitt": "^3.0.0"
      }
    },
    "node_modules/ajv": {
      "version": "8.12.0",
      "dev": true,
      "license": "MIT",
      "dependencies": {
        "fast-deep-equal": "^3.1.1",
        "json-schema-traverse": "^1.0.0",
        "require-from-string": "^2.0.2",
        "uri-js": "^4.2.2"
      },
      "funding": {
        "type": "github",
        "url": "https://github.com/sponsors/epoberezkin"
      }
    },
    "node_modules/ajv-errors": {
      "version": "3.0.0",
      "dev": true,
      "license": "MIT",
      "peerDependencies": {
        "ajv": "^8.0.1"
      }
    },
    "node_modules/ajv-keywords": {
      "version": "5.1.0",
      "dev": true,
      "license": "MIT",
      "dependencies": {
        "fast-deep-equal": "^3.1.3"
      },
      "peerDependencies": {
        "ajv": "^8.8.2"
      }
    },
    "node_modules/babylonjs-gltf2interface": {
      "version": "5.48.0",
      "dev": true,
      "license": "Apache-2.0",
      "peer": true
    },
    "node_modules/csstype": {
      "version": "3.1.1",
      "dev": true,
      "license": "MIT"
    },
    "node_modules/dnd-core": {
      "version": "16.0.1",
      "dev": true,
      "license": "MIT",
      "dependencies": {
        "@react-dnd/asap": "^5.0.1",
        "@react-dnd/invariant": "^4.0.1",
        "redux": "^4.2.0"
      }
    },
    "node_modules/esbuild": {
      "version": "0.17.10",
      "dev": true,
      "hasInstallScript": true,
      "license": "MIT",
      "bin": {
        "esbuild": "bin/esbuild"
      },
      "engines": {
        "node": ">=12"
      },
      "optionalDependencies": {
        "@esbuild/android-arm": "0.17.10",
        "@esbuild/android-arm64": "0.17.10",
        "@esbuild/android-x64": "0.17.10",
        "@esbuild/darwin-arm64": "0.17.10",
        "@esbuild/darwin-x64": "0.17.10",
        "@esbuild/freebsd-arm64": "0.17.10",
        "@esbuild/freebsd-x64": "0.17.10",
        "@esbuild/linux-arm": "0.17.10",
        "@esbuild/linux-arm64": "0.17.10",
        "@esbuild/linux-ia32": "0.17.10",
        "@esbuild/linux-loong64": "0.17.10",
        "@esbuild/linux-mips64el": "0.17.10",
        "@esbuild/linux-ppc64": "0.17.10",
        "@esbuild/linux-riscv64": "0.17.10",
        "@esbuild/linux-s390x": "0.17.10",
        "@esbuild/linux-x64": "0.17.10",
        "@esbuild/netbsd-x64": "0.17.10",
        "@esbuild/openbsd-x64": "0.17.10",
        "@esbuild/sunos-x64": "0.17.10",
        "@esbuild/win32-arm64": "0.17.10",
        "@esbuild/win32-ia32": "0.17.10",
        "@esbuild/win32-x64": "0.17.10"
      }
    },
    "node_modules/fast-deep-equal": {
      "version": "3.1.3",
      "dev": true,
      "license": "MIT"
    },
    "node_modules/fp-future": {
      "version": "1.0.1",
      "dev": true,
      "license": "MIT"
    },
    "node_modules/hoist-non-react-statics": {
      "version": "3.3.2",
      "dev": true,
      "license": "BSD-3-Clause",
      "dependencies": {
        "react-is": "^16.7.0"
      }
    },
    "node_modules/hoist-non-react-statics/node_modules/react-is": {
      "version": "16.13.1",
      "dev": true,
      "license": "MIT"
    },
    "node_modules/js-tokens": {
      "version": "4.0.0",
      "dev": true,
      "license": "MIT"
    },
    "node_modules/json-schema-traverse": {
      "version": "1.0.0",
      "dev": true,
      "license": "MIT"
    },
    "node_modules/loose-envify": {
      "version": "1.4.0",
      "dev": true,
      "license": "MIT",
      "dependencies": {
        "js-tokens": "^3.0.0 || ^4.0.0"
      },
      "bin": {
        "loose-envify": "cli.js"
      }
    },
    "node_modules/mitt": {
      "version": "3.0.0",
      "resolved": "https://registry.npmjs.org/mitt/-/mitt-3.0.0.tgz",
      "integrity": "sha512-7dX2/10ITVyqh4aOSVI9gdape+t9l2/8QxHrFmUXu4EEUpdlxl6RudZUPZoc+zuY2hk1j7XxVroIVIan/pD/SQ==",
      "dev": true
    },
    "node_modules/punycode": {
      "version": "2.3.0",
      "dev": true,
      "license": "MIT",
      "engines": {
        "node": ">=6"
      }
    },
    "node_modules/react": {
      "version": "18.2.0",
      "dev": true,
      "license": "MIT",
      "dependencies": {
        "loose-envify": "^1.1.0"
      },
      "engines": {
        "node": ">=0.10.0"
      }
    },
    "node_modules/react-dnd": {
      "version": "16.0.1",
      "dev": true,
      "license": "MIT",
      "dependencies": {
        "@react-dnd/invariant": "^4.0.1",
        "@react-dnd/shallowequal": "^4.0.1",
        "dnd-core": "^16.0.1",
        "fast-deep-equal": "^3.1.3",
        "hoist-non-react-statics": "^3.3.2"
      },
      "peerDependencies": {
        "@types/hoist-non-react-statics": ">= 3.3.1",
        "@types/node": ">= 12",
        "@types/react": ">= 16",
        "react": ">= 16.14"
      },
      "peerDependenciesMeta": {
        "@types/hoist-non-react-statics": {
          "optional": true
        },
        "@types/node": {
          "optional": true
        },
        "@types/react": {
          "optional": true
        }
      }
    },
    "node_modules/react-dnd-html5-backend": {
      "version": "16.0.1",
      "dev": true,
      "license": "MIT",
      "dependencies": {
        "dnd-core": "^16.0.1"
      }
    },
    "node_modules/react-dom": {
      "version": "18.2.0",
      "dev": true,
      "license": "MIT",
      "dependencies": {
        "loose-envify": "^1.1.0",
        "scheduler": "^0.23.0"
      },
      "peerDependencies": {
        "react": "^18.2.0"
      }
    },
    "node_modules/react-icons": {
      "version": "4.7.1",
      "dev": true,
      "license": "MIT",
      "peerDependencies": {
        "react": "*"
      }
    },
    "node_modules/redux": {
      "version": "4.2.1",
      "dev": true,
      "license": "MIT",
      "dependencies": {
        "@babel/runtime": "^7.9.2"
      }
    },
    "node_modules/regenerator-runtime": {
      "version": "0.13.11",
      "dev": true,
      "license": "MIT"
    },
    "node_modules/require-from-string": {
      "version": "2.0.2",
      "dev": true,
      "license": "MIT",
      "engines": {
        "node": ">=0.10.0"
      }
    },
    "node_modules/scheduler": {
      "version": "0.23.0",
      "dev": true,
      "license": "MIT",
      "dependencies": {
        "loose-envify": "^1.1.0"
      }
    },
    "node_modules/typescript": {
      "version": "4.9.4",
      "dev": true,
      "license": "Apache-2.0",
      "bin": {
        "tsc": "bin/tsc",
        "tsserver": "bin/tsserver"
      },
      "engines": {
        "node": ">=4.2.0"
      }
    },
    "node_modules/uri-js": {
      "version": "4.4.1",
      "dev": true,
      "license": "BSD-2-Clause",
      "dependencies": {
        "punycode": "^2.1.0"
      }
    }
  },
  "dependencies": {
    "@babel/runtime": {
      "version": "7.20.13",
      "dev": true,
      "requires": {
        "regenerator-runtime": "^0.13.11"
      }
    },
    "@babylonjs/core": {
      "version": "5.48.0",
      "dev": true
    },
    "@babylonjs/gui": {
      "version": "5.48.0",
      "dev": true,
      "requires": {}
    },
    "@babylonjs/gui-editor": {
      "version": "5.48.0",
      "dev": true,
      "peer": true,
      "requires": {}
    },
    "@babylonjs/inspector": {
      "version": "5.48.0",
      "dev": true,
      "requires": {
        "@fortawesome/fontawesome-svg-core": "^6.1.0",
        "@fortawesome/free-regular-svg-icons": "^6.0.0",
        "@fortawesome/free-solid-svg-icons": "^6.0.0"
      }
    },
    "@babylonjs/loaders": {
      "version": "5.48.0",
      "dev": true,
      "requires": {}
    },
    "@babylonjs/materials": {
      "version": "5.48.0",
      "dev": true,
      "requires": {}
    },
    "@babylonjs/serializers": {
      "version": "5.48.0",
      "dev": true,
      "peer": true,
      "requires": {}
    },
    "@dcl/ecs": {
      "version": "file:../ecs",
      "requires": {
        "@dcl/js-runtime": "file:../js-runtime",
        "@dcl/protocol": "^1.0.0-4408137944.commit-a67c796",
        "ts-proto": "^1.112.0"
      },
      "dependencies": {
        "@dcl/js-runtime": {
          "version": "file:../js-runtime"
        },
        "@dcl/protocol": {
          "version": "1.0.0-4177500465.commit-247c87f",
          "dev": true,
          "requires": {
            "ts-proto": "^1.126.1"
          }
        },
        "@protobufjs/aspromise": {
          "version": "1.1.2",
          "dev": true
        },
        "@protobufjs/base64": {
          "version": "1.1.2",
          "dev": true
        },
        "@protobufjs/codegen": {
          "version": "2.0.4",
          "dev": true
        },
        "@protobufjs/eventemitter": {
          "version": "1.1.0",
          "dev": true
        },
        "@protobufjs/fetch": {
          "version": "1.1.0",
          "dev": true,
          "requires": {
            "@protobufjs/aspromise": "^1.1.1",
            "@protobufjs/inquire": "^1.1.0"
          }
        },
        "@protobufjs/float": {
          "version": "1.0.2",
          "dev": true
        },
        "@protobufjs/inquire": {
          "version": "1.1.0",
          "dev": true
        },
        "@protobufjs/path": {
          "version": "1.1.2",
          "dev": true
        },
        "@protobufjs/pool": {
          "version": "1.1.0",
          "dev": true
        },
        "@protobufjs/utf8": {
          "version": "1.1.0",
          "dev": true
        },
        "@types/long": {
          "version": "4.0.2",
          "dev": true
        },
        "@types/node": {
          "version": "18.8.3",
          "dev": true
        },
        "@types/object-hash": {
          "version": "1.3.4",
          "dev": true
        },
        "dataloader": {
          "version": "1.4.0",
          "dev": true
        },
        "detect-libc": {
          "version": "1.0.3",
          "dev": true
        },
        "dprint-node": {
          "version": "1.0.7",
          "dev": true,
          "requires": {
            "detect-libc": "^1.0.3"
          }
        },
        "long": {
          "version": "4.0.0",
          "dev": true
        },
        "object-hash": {
          "version": "1.3.1",
          "dev": true
        },
        "protobufjs": {
          "version": "6.11.3",
          "dev": true,
          "requires": {
            "@protobufjs/aspromise": "^1.1.2",
            "@protobufjs/base64": "^1.1.2",
            "@protobufjs/codegen": "^2.0.4",
            "@protobufjs/eventemitter": "^1.1.0",
            "@protobufjs/fetch": "^1.1.0",
            "@protobufjs/float": "^1.0.2",
            "@protobufjs/inquire": "^1.1.0",
            "@protobufjs/path": "^1.1.2",
            "@protobufjs/pool": "^1.1.0",
            "@protobufjs/utf8": "^1.1.0",
            "@types/long": "^4.0.1",
            "@types/node": ">=13.7.0",
            "long": "^4.0.0"
          }
        },
        "ts-poet": {
          "version": "6.1.0",
          "dev": true,
          "requires": {
            "dprint-node": "^1.0.7"
          }
        },
        "ts-proto": {
          "version": "1.126.1",
          "dev": true,
          "requires": {
            "@types/object-hash": "^1.3.0",
            "dataloader": "^1.4.0",
            "object-hash": "^1.3.1",
            "protobufjs": "^6.11.3",
            "ts-poet": "^6.1.0",
            "ts-proto-descriptors": "1.7.1"
          }
        },
        "ts-proto-descriptors": {
          "version": "1.7.1",
          "dev": true,
          "requires": {
            "long": "^4.0.0",
            "protobufjs": "^6.8.8"
          }
        }
      }
    },
    "@dcl/ecs-math": {
      "version": "2.0.1-20221129185242.commit-40495c1",
      "dev": true
    },
    "@dcl/js-runtime": {
      "version": "file:../js-runtime"
    },
    "@dcl/schemas": {
      "version": "6.11.1",
      "dev": true,
      "requires": {
        "ajv": "^8.11.0",
        "ajv-errors": "^3.0.0",
        "ajv-keywords": "^5.1.0"
      }
    },
    "@esbuild/linux-arm64": {
      "version": "0.17.10",
      "dev": true,
      "optional": true
    },
    "@fortawesome/fontawesome-common-types": {
      "version": "6.3.0",
      "dev": true
    },
    "@fortawesome/fontawesome-svg-core": {
      "version": "6.3.0",
      "dev": true,
      "requires": {
        "@fortawesome/fontawesome-common-types": "6.3.0"
      }
    },
    "@fortawesome/free-regular-svg-icons": {
      "version": "6.3.0",
      "dev": true,
      "requires": {
        "@fortawesome/fontawesome-common-types": "6.3.0"
      }
    },
    "@fortawesome/free-solid-svg-icons": {
      "version": "6.3.0",
      "dev": true,
      "requires": {
        "@fortawesome/fontawesome-common-types": "6.3.0"
      }
    },
    "@react-dnd/asap": {
      "version": "5.0.2",
      "dev": true
    },
    "@react-dnd/invariant": {
      "version": "4.0.2",
      "dev": true
    },
    "@react-dnd/shallowequal": {
      "version": "4.0.2",
      "dev": true
    },
    "@types/node": {
      "version": "16.18.11",
      "dev": true
    },
    "@types/prop-types": {
      "version": "15.7.5",
      "dev": true
    },
    "@types/react": {
      "version": "18.0.27",
      "dev": true,
      "requires": {
        "@types/prop-types": "*",
        "@types/scheduler": "*",
        "csstype": "^3.0.2"
      }
    },
    "@types/react-dom": {
      "version": "18.0.10",
      "dev": true,
      "requires": {
        "@types/react": "*"
      }
    },
    "@types/scheduler": {
      "version": "0.16.2",
      "dev": true
    },
    "@well-known-components/pushable-channel": {
      "version": "1.0.3",
      "resolved": "https://registry.npmjs.org/@well-known-components/pushable-channel/-/pushable-channel-1.0.3.tgz",
      "integrity": "sha512-8ibswJXQx7YfmUgzXp02xsIBTw6zrVXgNybV8asvEr1vE/0m/xmZi41+NwTcZmLCNRzsE/i+aRUzNO+oyq/g2g==",
      "dev": true,
      "requires": {
        "mitt": "^3.0.0"
      }
    },
    "ajv": {
      "version": "8.12.0",
      "dev": true,
      "requires": {
        "fast-deep-equal": "^3.1.1",
        "json-schema-traverse": "^1.0.0",
        "require-from-string": "^2.0.2",
        "uri-js": "^4.2.2"
      }
    },
    "ajv-errors": {
      "version": "3.0.0",
      "dev": true,
      "requires": {}
    },
    "ajv-keywords": {
      "version": "5.1.0",
      "dev": true,
      "requires": {
        "fast-deep-equal": "^3.1.3"
      }
    },
    "babylonjs-gltf2interface": {
      "version": "5.48.0",
      "dev": true,
      "peer": true
    },
    "csstype": {
      "version": "3.1.1",
      "dev": true
    },
    "dnd-core": {
      "version": "16.0.1",
      "dev": true,
      "requires": {
        "@react-dnd/asap": "^5.0.1",
        "@react-dnd/invariant": "^4.0.1",
        "redux": "^4.2.0"
      }
    },
    "esbuild": {
      "version": "0.17.10",
      "dev": true,
      "requires": {
        "@esbuild/android-arm": "0.17.10",
        "@esbuild/android-arm64": "0.17.10",
        "@esbuild/android-x64": "0.17.10",
        "@esbuild/darwin-arm64": "0.17.10",
        "@esbuild/darwin-x64": "0.17.10",
        "@esbuild/freebsd-arm64": "0.17.10",
        "@esbuild/freebsd-x64": "0.17.10",
        "@esbuild/linux-arm": "0.17.10",
        "@esbuild/linux-arm64": "0.17.10",
        "@esbuild/linux-ia32": "0.17.10",
        "@esbuild/linux-loong64": "0.17.10",
        "@esbuild/linux-mips64el": "0.17.10",
        "@esbuild/linux-ppc64": "0.17.10",
        "@esbuild/linux-riscv64": "0.17.10",
        "@esbuild/linux-s390x": "0.17.10",
        "@esbuild/linux-x64": "0.17.10",
        "@esbuild/netbsd-x64": "0.17.10",
        "@esbuild/openbsd-x64": "0.17.10",
        "@esbuild/sunos-x64": "0.17.10",
        "@esbuild/win32-arm64": "0.17.10",
        "@esbuild/win32-ia32": "0.17.10",
        "@esbuild/win32-x64": "0.17.10"
      }
    },
    "fast-deep-equal": {
      "version": "3.1.3",
      "dev": true
    },
    "fp-future": {
      "version": "1.0.1",
      "dev": true
    },
    "hoist-non-react-statics": {
      "version": "3.3.2",
      "dev": true,
      "requires": {
        "react-is": "^16.7.0"
      },
      "dependencies": {
        "react-is": {
          "version": "16.13.1",
          "dev": true
        }
      }
    },
    "js-tokens": {
      "version": "4.0.0",
      "dev": true
    },
    "json-schema-traverse": {
      "version": "1.0.0",
      "dev": true
    },
    "loose-envify": {
      "version": "1.4.0",
      "dev": true,
      "requires": {
        "js-tokens": "^3.0.0 || ^4.0.0"
      }
    },
    "mitt": {
      "version": "3.0.0",
      "resolved": "https://registry.npmjs.org/mitt/-/mitt-3.0.0.tgz",
      "integrity": "sha512-7dX2/10ITVyqh4aOSVI9gdape+t9l2/8QxHrFmUXu4EEUpdlxl6RudZUPZoc+zuY2hk1j7XxVroIVIan/pD/SQ==",
      "dev": true
    },
    "punycode": {
      "version": "2.3.0",
      "dev": true
    },
    "react": {
      "version": "18.2.0",
      "dev": true,
      "requires": {
        "loose-envify": "^1.1.0"
      }
    },
    "react-dnd": {
      "version": "16.0.1",
      "dev": true,
      "requires": {
        "@react-dnd/invariant": "^4.0.1",
        "@react-dnd/shallowequal": "^4.0.1",
        "dnd-core": "^16.0.1",
        "fast-deep-equal": "^3.1.3",
        "hoist-non-react-statics": "^3.3.2"
      }
    },
    "react-dnd-html5-backend": {
      "version": "16.0.1",
      "dev": true,
      "requires": {
        "dnd-core": "^16.0.1"
      }
    },
    "react-dom": {
      "version": "18.2.0",
      "dev": true,
      "requires": {
        "loose-envify": "^1.1.0",
        "scheduler": "^0.23.0"
      }
    },
    "react-icons": {
      "version": "4.7.1",
      "dev": true,
      "requires": {}
    },
    "redux": {
      "version": "4.2.1",
      "dev": true,
      "requires": {
        "@babel/runtime": "^7.9.2"
      }
    },
    "regenerator-runtime": {
      "version": "0.13.11",
      "dev": true
    },
    "require-from-string": {
      "version": "2.0.2",
      "dev": true
    },
    "scheduler": {
      "version": "0.23.0",
      "dev": true,
      "requires": {
        "loose-envify": "^1.1.0"
      }
    },
    "typescript": {
      "version": "4.9.4",
      "dev": true
    },
    "uri-js": {
      "version": "4.4.1",
      "dev": true,
      "requires": {
        "punycode": "^2.1.0"
      }
    }
  }
}
