{
  "name": "@dcl/ecs",
  "version": "0.0.0",
  "lockfileVersion": 2,
  "requires": true,
  "packages": {
    "": {
      "name": "@dcl/ecs",
      "version": "0.0.0",
      "license": "Apache-2.0",
      "dependencies": {
        "@dcl/crdt": "^1.0.0-20220819145912.commit-35069cd",
        "@dcl/ecs-math": "^2.0.1-20220913124856.commit-79247c3",
        "@dcl/posix": "^1.0.4",
        "@dcl/protocol": "https://sdk-team-cdn.decentraland.org/@dcl/protocol/branch//dcl-protocol-1.0.0-3085667702.commit-31fb498.tgz"
      },
      "devDependencies": {
        "@types/fs-extra": "^9.0.13",
        "fs-extra": "^10.1.0",
        "ts-proto": "^1.112.0"
      }
    },
    "node_modules/@dcl/crdt": {
      "version": "1.0.0-20220829203208.commit-d0af490",
      "resolved": "https://registry.npmjs.org/@dcl/crdt/-/crdt-1.0.0-20220829203208.commit-d0af490.tgz",
      "integrity": "sha512-mD/cfMihvk0Zv3EvoWYphWxxGpu2TQcVvHOeTB1wQOUvNT1p64d/ywj9h8jANplfmnnASOt7Y8anAAbCe+BArg=="
    },
    "node_modules/@dcl/ecs-math": {
      "version": "2.0.1-20220913124856.commit-79247c3",
      "resolved": "https://registry.npmjs.org/@dcl/ecs-math/-/ecs-math-2.0.1-20220913124856.commit-79247c3.tgz",
      "integrity": "sha512-3bLisfPE+9Uq5FLcwNm7A4vPCEAF+aoYFjhNn9L10bjfk1CvxCXhHVgLv+QKcFQujJ+A52hgKOzq7kzI+FNk6g=="
    },
    "node_modules/@dcl/posix": {
      "version": "1.0.4",
      "resolved": "https://registry.npmjs.org/@dcl/posix/-/posix-1.0.4.tgz",
      "integrity": "sha512-Z0zpNr2HAxn2cLWUadWGlzaG48Z+N3hg2bI20UH+OT8NJtvCJnAwVBshAG83iAn4BTC+CsUsk4A394jrlv2ZIQ=="
    },
    "node_modules/@dcl/protocol": {
      "version": "1.0.0-3085667702.commit-31fb498",
      "resolved": "https://sdk-team-cdn.decentraland.org/@dcl/protocol/branch//dcl-protocol-1.0.0-3085667702.commit-31fb498.tgz",
      "integrity": "sha512-D/KfgsCDqIyJ+O1O+LgOwoCzoFop8re3wUGaiYVLbv5lTp0G1CvN1VNGLzKjuDmBk7nFH3tuQQ/A+sPvGzj3ng==",
      "license": "Apache-2.0"
    },
    "node_modules/@protobufjs/aspromise": {
      "version": "1.1.2",
      "resolved": "https://registry.npmjs.org/@protobufjs/aspromise/-/aspromise-1.1.2.tgz",
      "integrity": "sha1-m4sMxmPWaafY9vXQiToU00jzD78=",
      "dev": true
    },
    "node_modules/@protobufjs/base64": {
      "version": "1.1.2",
      "resolved": "https://registry.npmjs.org/@protobufjs/base64/-/base64-1.1.2.tgz",
      "integrity": "sha512-AZkcAA5vnN/v4PDqKyMR5lx7hZttPDgClv83E//FMNhR2TMcLUhfRUBHCmSl0oi9zMgDDqRUJkSxO3wm85+XLg==",
      "dev": true
    },
    "node_modules/@protobufjs/codegen": {
      "version": "2.0.4",
      "resolved": "https://registry.npmjs.org/@protobufjs/codegen/-/codegen-2.0.4.tgz",
      "integrity": "sha512-YyFaikqM5sH0ziFZCN3xDC7zeGaB/d0IUb9CATugHWbd1FRFwWwt4ld4OYMPWu5a3Xe01mGAULCdqhMlPl29Jg==",
      "dev": true
    },
    "node_modules/@protobufjs/eventemitter": {
      "version": "1.1.0",
      "resolved": "https://registry.npmjs.org/@protobufjs/eventemitter/-/eventemitter-1.1.0.tgz",
      "integrity": "sha1-NVy8mLr61ZePntCV85diHx0Ga3A=",
      "dev": true
    },
    "node_modules/@protobufjs/fetch": {
      "version": "1.1.0",
      "resolved": "https://registry.npmjs.org/@protobufjs/fetch/-/fetch-1.1.0.tgz",
      "integrity": "sha1-upn7WYYUr2VwDBYZ/wbUVLDYTEU=",
      "dev": true,
      "dependencies": {
        "@protobufjs/aspromise": "^1.1.1",
        "@protobufjs/inquire": "^1.1.0"
      }
    },
    "node_modules/@protobufjs/float": {
      "version": "1.0.2",
      "resolved": "https://registry.npmjs.org/@protobufjs/float/-/float-1.0.2.tgz",
      "integrity": "sha1-Xp4avctz/Ap8uLKR33jIy9l7h9E=",
      "dev": true
    },
    "node_modules/@protobufjs/inquire": {
      "version": "1.1.0",
      "resolved": "https://registry.npmjs.org/@protobufjs/inquire/-/inquire-1.1.0.tgz",
      "integrity": "sha1-/yAOPnzyQp4tyvwRQIKOjMY48Ik=",
      "dev": true
    },
    "node_modules/@protobufjs/path": {
      "version": "1.1.2",
      "resolved": "https://registry.npmjs.org/@protobufjs/path/-/path-1.1.2.tgz",
      "integrity": "sha1-bMKyDFya1q0NzP0hynZz2Nf79o0=",
      "dev": true
    },
    "node_modules/@protobufjs/pool": {
      "version": "1.1.0",
      "resolved": "https://registry.npmjs.org/@protobufjs/pool/-/pool-1.1.0.tgz",
      "integrity": "sha1-Cf0V8tbTq/qbZbw2ZQbWrXhG/1Q=",
      "dev": true
    },
    "node_modules/@protobufjs/utf8": {
      "version": "1.1.0",
      "resolved": "https://registry.npmjs.org/@protobufjs/utf8/-/utf8-1.1.0.tgz",
      "integrity": "sha1-p3c2C1s5oaLlEG+OhY8v0tBgxXA=",
      "dev": true
    },
    "node_modules/@types/fs-extra": {
      "version": "9.0.13",
      "resolved": "https://registry.npmjs.org/@types/fs-extra/-/fs-extra-9.0.13.tgz",
      "integrity": "sha512-nEnwB++1u5lVDM2UI4c1+5R+FYaKfaAzS4OococimjVm3nQw3TuzH5UNsocrcTBbhnerblyHj4A49qXbIiZdpA==",
      "dev": true,
      "dependencies": {
        "@types/node": "*"
      }
    },
    "node_modules/@types/long": {
      "version": "4.0.2",
      "resolved": "https://registry.npmjs.org/@types/long/-/long-4.0.2.tgz",
      "integrity": "sha512-MqTGEo5bj5t157U6fA/BiDynNkn0YknVdh48CMPkTSpFTVmvao5UQmm7uEF6xBEo7qIMAlY/JSleYaE6VOdpaA==",
      "dev": true
    },
    "node_modules/@types/node": {
      "version": "12.20.24",
      "resolved": "https://registry.npmjs.org/@types/node/-/node-12.20.24.tgz",
      "integrity": "sha512-yxDeaQIAJlMav7fH5AQqPH1u8YIuhYJXYBzxaQ4PifsU0GDO38MSdmEDeRlIxrKbC6NbEaaEHDanWb+y30U8SQ==",
      "dev": true
    },
    "node_modules/@types/object-hash": {
      "version": "1.3.4",
      "resolved": "https://registry.npmjs.org/@types/object-hash/-/object-hash-1.3.4.tgz",
      "integrity": "sha512-xFdpkAkikBgqBdG9vIlsqffDV8GpvnPEzs0IUtr1v3BEB97ijsFQ4RXVbUZwjFThhB4MDSTUfvmxUD5PGx0wXA==",
      "dev": true
    },
    "node_modules/dataloader": {
      "version": "1.4.0",
      "resolved": "https://registry.npmjs.org/dataloader/-/dataloader-1.4.0.tgz",
      "integrity": "sha512-68s5jYdlvasItOJnCuI2Q9s4q98g0pCyL3HrcKJu8KNugUl8ahgmZYg38ysLTgQjjXX3H8CJLkAvWrclWfcalw==",
      "dev": true
    },
    "node_modules/fs-extra": {
      "version": "10.1.0",
      "resolved": "https://registry.npmjs.org/fs-extra/-/fs-extra-10.1.0.tgz",
      "integrity": "sha512-oRXApq54ETRj4eMiFzGnHWGy+zo5raudjuxN0b8H7s/RU2oW0Wvsx9O0ACRN/kRq9E8Vu/ReskGB5o3ji+FzHQ==",
      "dev": true,
      "dependencies": {
        "graceful-fs": "^4.2.0",
        "jsonfile": "^6.0.1",
        "universalify": "^2.0.0"
      },
      "engines": {
        "node": ">=12"
      }
    },
    "node_modules/fs-extra/node_modules/universalify": {
      "version": "2.0.0",
      "resolved": "https://registry.npmjs.org/universalify/-/universalify-2.0.0.tgz",
      "integrity": "sha512-hAZsKq7Yy11Zu1DE0OzWjw7nnLZmJZYTDZZyEFHZdUhV8FkH5MCfoU1XMaxXovpyW5nq5scPqq0ZDP9Zyl04oQ==",
      "dev": true,
      "engines": {
        "node": ">= 10.0.0"
      }
    },
    "node_modules/graceful-fs": {
      "version": "4.2.10",
      "resolved": "https://registry.npmjs.org/graceful-fs/-/graceful-fs-4.2.10.tgz",
      "integrity": "sha512-9ByhssR2fPVsNZj478qUUbKfmL0+t5BDVyjShtyZZLiK7ZDAArFFfopyOTj0M05wE2tJPisA4iTnnXl2YoPvOA==",
      "dev": true
    },
    "node_modules/jsonfile": {
      "version": "6.1.0",
      "resolved": "https://registry.npmjs.org/jsonfile/-/jsonfile-6.1.0.tgz",
      "integrity": "sha512-5dgndWOriYSm5cnYaJNhalLNDKOqFwyDB/rr1E9ZsGciGvKPs8R2xYGCacuf3z6K1YKDz182fd+fY3cn3pMqXQ==",
      "dev": true,
      "dependencies": {
        "universalify": "^2.0.0"
      },
      "optionalDependencies": {
        "graceful-fs": "^4.1.6"
      }
    },
    "node_modules/jsonfile/node_modules/universalify": {
      "version": "2.0.0",
      "resolved": "https://registry.npmjs.org/universalify/-/universalify-2.0.0.tgz",
      "integrity": "sha512-hAZsKq7Yy11Zu1DE0OzWjw7nnLZmJZYTDZZyEFHZdUhV8FkH5MCfoU1XMaxXovpyW5nq5scPqq0ZDP9Zyl04oQ==",
      "dev": true,
      "engines": {
        "node": ">= 10.0.0"
      }
    },
    "node_modules/lodash": {
      "version": "4.17.21",
      "resolved": "https://registry.npmjs.org/lodash/-/lodash-4.17.21.tgz",
      "integrity": "sha512-v2kDEe57lecTulaDIuNTPy3Ry4gLGJ6Z1O3vE1krgXZNrsQ+LFTGHVxVjcXPs17LhbZVGedAJv8XZ1tvj5FvSg==",
      "dev": true
    },
    "node_modules/long": {
      "version": "4.0.0",
      "resolved": "https://registry.npmjs.org/long/-/long-4.0.0.tgz",
      "integrity": "sha512-XsP+KhQif4bjX1kbuSiySJFNAehNxgLb6hPRGJ9QsUr8ajHkuXGdrHmFUTUUXhDwVX2R5bY4JNZEwbUiMhV+MA==",
      "dev": true
    },
    "node_modules/object-hash": {
      "version": "1.3.1",
      "resolved": "https://registry.npmjs.org/object-hash/-/object-hash-1.3.1.tgz",
      "integrity": "sha512-OSuu/pU4ENM9kmREg0BdNrUDIl1heYa4mBZacJc+vVWz4GtAwu7jO8s4AIt2aGRUTqxykpWzI3Oqnsm13tTMDA==",
      "dev": true,
      "engines": {
        "node": ">= 0.10.0"
      }
    },
    "node_modules/prettier": {
      "version": "2.6.2",
      "resolved": "https://registry.npmjs.org/prettier/-/prettier-2.6.2.tgz",
      "integrity": "sha512-PkUpF+qoXTqhOeWL9fu7As8LXsIUZ1WYaJiY/a7McAQzxjk82OF0tibkFXVCDImZtWxbvojFjerkiLb0/q8mew==",
      "dev": true,
      "bin": {
        "prettier": "bin-prettier.js"
      },
      "engines": {
        "node": ">=10.13.0"
      },
      "funding": {
        "url": "https://github.com/prettier/prettier?sponsor=1"
      }
    },
    "node_modules/protobufjs": {
      "version": "6.11.3",
      "resolved": "https://registry.npmjs.org/protobufjs/-/protobufjs-6.11.3.tgz",
      "integrity": "sha512-xL96WDdCZYdU7Slin569tFX712BxsxslWwAfAhCYjQKGTq7dAU91Lomy6nLLhh/dyGhk/YH4TwTSRxTzhuHyZg==",
      "dev": true,
      "hasInstallScript": true,
      "dependencies": {
        "@protobufjs/aspromise": "^1.1.2",
        "@protobufjs/base64": "^1.1.2",
        "@protobufjs/codegen": "^2.0.4",
        "@protobufjs/eventemitter": "^1.1.0",
        "@protobufjs/fetch": "^1.1.0",
        "@protobufjs/float": "^1.0.2",
        "@protobufjs/inquire": "^1.1.0",
        "@protobufjs/path": "^1.1.2",
        "@protobufjs/pool": "^1.1.0",
        "@protobufjs/utf8": "^1.1.0",
        "@types/long": "^4.0.1",
        "@types/node": ">=13.7.0",
        "long": "^4.0.0"
      },
      "bin": {
        "pbjs": "bin/pbjs",
        "pbts": "bin/pbts"
      }
    },
    "node_modules/protobufjs/node_modules/@types/node": {
      "version": "17.0.29",
      "resolved": "https://registry.npmjs.org/@types/node/-/node-17.0.29.tgz",
      "integrity": "sha512-tx5jMmMFwx7wBwq/V7OohKDVb/JwJU5qCVkeLMh1//xycAJ/ESuw9aJ9SEtlCZDYi2pBfe4JkisSoAtbOsBNAA==",
      "dev": true
    },
    "node_modules/ts-poet": {
      "version": "4.11.0",
      "resolved": "https://registry.npmjs.org/ts-poet/-/ts-poet-4.11.0.tgz",
      "integrity": "sha512-OaXnCKsRs0yrc0O7LFhnq/US2DB4Wd313cS+qjG2XMksZ74pF/jvMHkJdURXJiAo4kSahL2N4e8JOdwUjOMNdw==",
      "dev": true,
      "dependencies": {
        "lodash": "^4.17.15",
        "prettier": "^2.5.1"
      }
    },
    "node_modules/ts-proto": {
      "version": "1.112.0",
      "resolved": "https://registry.npmjs.org/ts-proto/-/ts-proto-1.112.0.tgz",
      "integrity": "sha512-K3TMDxkQ4kYhminDDfxv7W0y9+4a1tAFRnM4SIwlw81EXYKs+ee81i+18xOc8MclpYpO3xzweFor4zYAAq05fg==",
      "dev": true,
      "dependencies": {
        "@types/object-hash": "^1.3.0",
        "dataloader": "^1.4.0",
        "object-hash": "^1.3.1",
        "protobufjs": "^6.8.8",
        "ts-poet": "^4.11.0",
        "ts-proto-descriptors": "1.6.0"
      },
      "bin": {
        "protoc-gen-ts_proto": "protoc-gen-ts_proto"
      }
    },
    "node_modules/ts-proto-descriptors": {
      "version": "1.6.0",
      "resolved": "https://registry.npmjs.org/ts-proto-descriptors/-/ts-proto-descriptors-1.6.0.tgz",
      "integrity": "sha512-Vrhue2Ti99us/o76mGy28nF3W/Uanl1/8detyJw2yyRwiBC5yxy+hEZqQ/ZX2PbZ1vyCpJ51A9L4PnCCnkBMTQ==",
      "dev": true,
      "dependencies": {
        "long": "^4.0.0",
        "protobufjs": "^6.8.8"
      }
    }
  },
  "dependencies": {
    "@dcl/crdt": {
      "version": "1.0.0-20220829203208.commit-d0af490",
      "resolved": "https://registry.npmjs.org/@dcl/crdt/-/crdt-1.0.0-20220829203208.commit-d0af490.tgz",
      "integrity": "sha512-mD/cfMihvk0Zv3EvoWYphWxxGpu2TQcVvHOeTB1wQOUvNT1p64d/ywj9h8jANplfmnnASOt7Y8anAAbCe+BArg=="
    },
    "@dcl/ecs-math": {
      "version": "2.0.1-20220913124856.commit-79247c3",
      "resolved": "https://registry.npmjs.org/@dcl/ecs-math/-/ecs-math-2.0.1-20220913124856.commit-79247c3.tgz",
      "integrity": "sha512-3bLisfPE+9Uq5FLcwNm7A4vPCEAF+aoYFjhNn9L10bjfk1CvxCXhHVgLv+QKcFQujJ+A52hgKOzq7kzI+FNk6g=="
    },
    "@dcl/posix": {
      "version": "1.0.4",
      "resolved": "https://registry.npmjs.org/@dcl/posix/-/posix-1.0.4.tgz",
      "integrity": "sha512-Z0zpNr2HAxn2cLWUadWGlzaG48Z+N3hg2bI20UH+OT8NJtvCJnAwVBshAG83iAn4BTC+CsUsk4A394jrlv2ZIQ=="
    },
    "@dcl/protocol": {
      "version": "https://sdk-team-cdn.decentraland.org/@dcl/protocol/branch//dcl-protocol-1.0.0-3085667702.commit-31fb498.tgz",
      "integrity": "sha512-D/KfgsCDqIyJ+O1O+LgOwoCzoFop8re3wUGaiYVLbv5lTp0G1CvN1VNGLzKjuDmBk7nFH3tuQQ/A+sPvGzj3ng=="
    },
    "@protobufjs/aspromise": {
      "version": "1.1.2",
      "resolved": "https://registry.npmjs.org/@protobufjs/aspromise/-/aspromise-1.1.2.tgz",
      "integrity": "sha1-m4sMxmPWaafY9vXQiToU00jzD78=",
      "dev": true
    },
    "@protobufjs/base64": {
      "version": "1.1.2",
      "resolved": "https://registry.npmjs.org/@protobufjs/base64/-/base64-1.1.2.tgz",
      "integrity": "sha512-AZkcAA5vnN/v4PDqKyMR5lx7hZttPDgClv83E//FMNhR2TMcLUhfRUBHCmSl0oi9zMgDDqRUJkSxO3wm85+XLg==",
      "dev": true
    },
    "@protobufjs/codegen": {
      "version": "2.0.4",
      "resolved": "https://registry.npmjs.org/@protobufjs/codegen/-/codegen-2.0.4.tgz",
      "integrity": "sha512-YyFaikqM5sH0ziFZCN3xDC7zeGaB/d0IUb9CATugHWbd1FRFwWwt4ld4OYMPWu5a3Xe01mGAULCdqhMlPl29Jg==",
      "dev": true
    },
    "@protobufjs/eventemitter": {
      "version": "1.1.0",
      "resolved": "https://registry.npmjs.org/@protobufjs/eventemitter/-/eventemitter-1.1.0.tgz",
      "integrity": "sha1-NVy8mLr61ZePntCV85diHx0Ga3A=",
      "dev": true
    },
    "@protobufjs/fetch": {
      "version": "1.1.0",
      "resolved": "https://registry.npmjs.org/@protobufjs/fetch/-/fetch-1.1.0.tgz",
      "integrity": "sha1-upn7WYYUr2VwDBYZ/wbUVLDYTEU=",
      "dev": true,
      "requires": {
        "@protobufjs/aspromise": "^1.1.1",
        "@protobufjs/inquire": "^1.1.0"
      }
    },
    "@protobufjs/float": {
      "version": "1.0.2",
      "resolved": "https://registry.npmjs.org/@protobufjs/float/-/float-1.0.2.tgz",
      "integrity": "sha1-Xp4avctz/Ap8uLKR33jIy9l7h9E=",
      "dev": true
    },
    "@protobufjs/inquire": {
      "version": "1.1.0",
      "resolved": "https://registry.npmjs.org/@protobufjs/inquire/-/inquire-1.1.0.tgz",
      "integrity": "sha1-/yAOPnzyQp4tyvwRQIKOjMY48Ik=",
      "dev": true
    },
    "@protobufjs/path": {
      "version": "1.1.2",
      "resolved": "https://registry.npmjs.org/@protobufjs/path/-/path-1.1.2.tgz",
      "integrity": "sha1-bMKyDFya1q0NzP0hynZz2Nf79o0=",
      "dev": true
    },
    "@protobufjs/pool": {
      "version": "1.1.0",
      "resolved": "https://registry.npmjs.org/@protobufjs/pool/-/pool-1.1.0.tgz",
      "integrity": "sha1-Cf0V8tbTq/qbZbw2ZQbWrXhG/1Q=",
      "dev": true
    },
    "@protobufjs/utf8": {
      "version": "1.1.0",
      "resolved": "https://registry.npmjs.org/@protobufjs/utf8/-/utf8-1.1.0.tgz",
      "integrity": "sha1-p3c2C1s5oaLlEG+OhY8v0tBgxXA=",
      "dev": true
    },
    "@types/fs-extra": {
      "version": "9.0.13",
      "resolved": "https://registry.npmjs.org/@types/fs-extra/-/fs-extra-9.0.13.tgz",
      "integrity": "sha512-nEnwB++1u5lVDM2UI4c1+5R+FYaKfaAzS4OococimjVm3nQw3TuzH5UNsocrcTBbhnerblyHj4A49qXbIiZdpA==",
      "dev": true,
      "requires": {
        "@types/node": "*"
      }
    },
    "@types/long": {
      "version": "4.0.2",
      "resolved": "https://registry.npmjs.org/@types/long/-/long-4.0.2.tgz",
      "integrity": "sha512-MqTGEo5bj5t157U6fA/BiDynNkn0YknVdh48CMPkTSpFTVmvao5UQmm7uEF6xBEo7qIMAlY/JSleYaE6VOdpaA==",
      "dev": true
    },
    "@types/node": {
      "version": "12.20.24",
      "resolved": "https://registry.npmjs.org/@types/node/-/node-12.20.24.tgz",
      "integrity": "sha512-yxDeaQIAJlMav7fH5AQqPH1u8YIuhYJXYBzxaQ4PifsU0GDO38MSdmEDeRlIxrKbC6NbEaaEHDanWb+y30U8SQ==",
      "dev": true
    },
    "@types/object-hash": {
      "version": "1.3.4",
      "resolved": "https://registry.npmjs.org/@types/object-hash/-/object-hash-1.3.4.tgz",
      "integrity": "sha512-xFdpkAkikBgqBdG9vIlsqffDV8GpvnPEzs0IUtr1v3BEB97ijsFQ4RXVbUZwjFThhB4MDSTUfvmxUD5PGx0wXA==",
      "dev": true
    },
    "dataloader": {
      "version": "1.4.0",
      "resolved": "https://registry.npmjs.org/dataloader/-/dataloader-1.4.0.tgz",
      "integrity": "sha512-68s5jYdlvasItOJnCuI2Q9s4q98g0pCyL3HrcKJu8KNugUl8ahgmZYg38ysLTgQjjXX3H8CJLkAvWrclWfcalw==",
      "dev": true
    },
    "fs-extra": {
      "version": "10.1.0",
      "resolved": "https://registry.npmjs.org/fs-extra/-/fs-extra-10.1.0.tgz",
      "integrity": "sha512-oRXApq54ETRj4eMiFzGnHWGy+zo5raudjuxN0b8H7s/RU2oW0Wvsx9O0ACRN/kRq9E8Vu/ReskGB5o3ji+FzHQ==",
      "dev": true,
      "requires": {
        "graceful-fs": "^4.2.0",
        "jsonfile": "^6.0.1",
        "universalify": "^2.0.0"
      },
      "dependencies": {
        "universalify": {
          "version": "2.0.0",
          "resolved": "https://registry.npmjs.org/universalify/-/universalify-2.0.0.tgz",
          "integrity": "sha512-hAZsKq7Yy11Zu1DE0OzWjw7nnLZmJZYTDZZyEFHZdUhV8FkH5MCfoU1XMaxXovpyW5nq5scPqq0ZDP9Zyl04oQ==",
          "dev": true
        }
      }
    },
    "graceful-fs": {
      "version": "4.2.10",
      "resolved": "https://registry.npmjs.org/graceful-fs/-/graceful-fs-4.2.10.tgz",
      "integrity": "sha512-9ByhssR2fPVsNZj478qUUbKfmL0+t5BDVyjShtyZZLiK7ZDAArFFfopyOTj0M05wE2tJPisA4iTnnXl2YoPvOA==",
      "dev": true
    },
    "jsonfile": {
      "version": "6.1.0",
      "resolved": "https://registry.npmjs.org/jsonfile/-/jsonfile-6.1.0.tgz",
      "integrity": "sha512-5dgndWOriYSm5cnYaJNhalLNDKOqFwyDB/rr1E9ZsGciGvKPs8R2xYGCacuf3z6K1YKDz182fd+fY3cn3pMqXQ==",
      "dev": true,
      "requires": {
        "graceful-fs": "^4.1.6",
        "universalify": "^2.0.0"
      },
      "dependencies": {
        "universalify": {
          "version": "2.0.0",
          "resolved": "https://registry.npmjs.org/universalify/-/universalify-2.0.0.tgz",
          "integrity": "sha512-hAZsKq7Yy11Zu1DE0OzWjw7nnLZmJZYTDZZyEFHZdUhV8FkH5MCfoU1XMaxXovpyW5nq5scPqq0ZDP9Zyl04oQ==",
          "dev": true
        }
      }
    },
    "lodash": {
      "version": "4.17.21",
      "resolved": "https://registry.npmjs.org/lodash/-/lodash-4.17.21.tgz",
      "integrity": "sha512-v2kDEe57lecTulaDIuNTPy3Ry4gLGJ6Z1O3vE1krgXZNrsQ+LFTGHVxVjcXPs17LhbZVGedAJv8XZ1tvj5FvSg==",
      "dev": true
    },
    "long": {
      "version": "4.0.0",
      "resolved": "https://registry.npmjs.org/long/-/long-4.0.0.tgz",
      "integrity": "sha512-XsP+KhQif4bjX1kbuSiySJFNAehNxgLb6hPRGJ9QsUr8ajHkuXGdrHmFUTUUXhDwVX2R5bY4JNZEwbUiMhV+MA==",
      "dev": true
    },
    "object-hash": {
      "version": "1.3.1",
      "resolved": "https://registry.npmjs.org/object-hash/-/object-hash-1.3.1.tgz",
      "integrity": "sha512-OSuu/pU4ENM9kmREg0BdNrUDIl1heYa4mBZacJc+vVWz4GtAwu7jO8s4AIt2aGRUTqxykpWzI3Oqnsm13tTMDA==",
      "dev": true
    },
    "prettier": {
      "version": "2.6.2",
      "resolved": "https://registry.npmjs.org/prettier/-/prettier-2.6.2.tgz",
      "integrity": "sha512-PkUpF+qoXTqhOeWL9fu7As8LXsIUZ1WYaJiY/a7McAQzxjk82OF0tibkFXVCDImZtWxbvojFjerkiLb0/q8mew==",
      "dev": true
    },
    "protobufjs": {
      "version": "6.11.3",
      "resolved": "https://registry.npmjs.org/protobufjs/-/protobufjs-6.11.3.tgz",
      "integrity": "sha512-xL96WDdCZYdU7Slin569tFX712BxsxslWwAfAhCYjQKGTq7dAU91Lomy6nLLhh/dyGhk/YH4TwTSRxTzhuHyZg==",
      "dev": true,
      "requires": {
        "@protobufjs/aspromise": "^1.1.2",
        "@protobufjs/base64": "^1.1.2",
        "@protobufjs/codegen": "^2.0.4",
        "@protobufjs/eventemitter": "^1.1.0",
        "@protobufjs/fetch": "^1.1.0",
        "@protobufjs/float": "^1.0.2",
        "@protobufjs/inquire": "^1.1.0",
        "@protobufjs/path": "^1.1.2",
        "@protobufjs/pool": "^1.1.0",
        "@protobufjs/utf8": "^1.1.0",
        "@types/long": "^4.0.1",
        "@types/node": ">=13.7.0",
        "long": "^4.0.0"
      },
      "dependencies": {
        "@types/node": {
          "version": "17.0.29",
          "resolved": "https://registry.npmjs.org/@types/node/-/node-17.0.29.tgz",
          "integrity": "sha512-tx5jMmMFwx7wBwq/V7OohKDVb/JwJU5qCVkeLMh1//xycAJ/ESuw9aJ9SEtlCZDYi2pBfe4JkisSoAtbOsBNAA==",
          "dev": true
        }
      }
    },
    "ts-poet": {
      "version": "4.11.0",
      "resolved": "https://registry.npmjs.org/ts-poet/-/ts-poet-4.11.0.tgz",
      "integrity": "sha512-OaXnCKsRs0yrc0O7LFhnq/US2DB4Wd313cS+qjG2XMksZ74pF/jvMHkJdURXJiAo4kSahL2N4e8JOdwUjOMNdw==",
      "dev": true,
      "requires": {
        "lodash": "^4.17.15",
        "prettier": "^2.5.1"
      }
    },
    "ts-proto": {
      "version": "1.112.0",
      "resolved": "https://registry.npmjs.org/ts-proto/-/ts-proto-1.112.0.tgz",
      "integrity": "sha512-K3TMDxkQ4kYhminDDfxv7W0y9+4a1tAFRnM4SIwlw81EXYKs+ee81i+18xOc8MclpYpO3xzweFor4zYAAq05fg==",
      "dev": true,
      "requires": {
        "@types/object-hash": "^1.3.0",
        "dataloader": "^1.4.0",
        "object-hash": "^1.3.1",
        "protobufjs": "^6.8.8",
        "ts-poet": "^4.11.0",
        "ts-proto-descriptors": "1.6.0"
      }
    },
    "ts-proto-descriptors": {
      "version": "1.6.0",
      "resolved": "https://registry.npmjs.org/ts-proto-descriptors/-/ts-proto-descriptors-1.6.0.tgz",
      "integrity": "sha512-Vrhue2Ti99us/o76mGy28nF3W/Uanl1/8detyJw2yyRwiBC5yxy+hEZqQ/ZX2PbZ1vyCpJ51A9L4PnCCnkBMTQ==",
      "dev": true,
      "requires": {
        "long": "^4.0.0",
        "protobufjs": "^6.8.8"
      }
    }
  }
}
