{
  "name": "@dcl/ecs",
  "version": "7.0.0",
  "lockfileVersion": 2,
  "requires": true,
  "packages": {
    "": {
      "name": "@dcl/ecs",
      "version": "7.0.0",
      "license": "Apache-2.0",
      "dependencies": {
        "@dcl/ecs-math": "^2.1.0"
      }
    },
    "node_modules/@dcl/ecs-math": {
      "version": "2.1.0",
      "resolved": "https://registry.npmjs.org/@dcl/ecs-math/-/ecs-math-2.1.0.tgz",
      "integrity": "sha512-tXoLKwKaWLJR9z9Iq29eMMttBovc/U8J0wkwTwZUJgCDSFhwjuN10HqpKuzr7ziC6npATpyga9fFBzjsgYkeyw==",
      "license": "Apache-2.0"
    }
  },
  "dependencies": {
    "@dcl/ecs-math": {
      "version": "2.1.0",
      "resolved": "https://registry.npmjs.org/@dcl/ecs-math/-/ecs-math-2.1.0.tgz",
      "integrity": "sha512-tXoLKwKaWLJR9z9Iq29eMMttBovc/U8J0wkwTwZUJgCDSFhwjuN10HqpKuzr7ziC6npATpyga9fFBzjsgYkeyw=="
    }
  }
}
