{
  "name": "@dcl/ecs",
  "version": "7.0.0",
  "lockfileVersion": 2,
  "requires": true,
  "packages": {
    "": {
      "name": "@dcl/ecs",
      "version": "7.0.0",
      "license": "Apache-2.0",
      "dependencies": {
        "@dcl/js-runtime": "file:../js-runtime",
        "@dcl/protocol": "https://sdk-team-cdn.decentraland.org/@dcl/protocol/branch//dcl-protocol-1.0.0-4168098189.commit-e75240a.tgz"
      },
      "devDependencies": {
        "ts-proto": "^1.112.0"
      }
    },
    "../js-runtime": {
      "version": "7.0.0",
      "license": "Apache-2.0"
    },
    "node_modules/@dcl/js-runtime": {
      "resolved": "../js-runtime",
      "link": true
    },
    "node_modules/@dcl/protocol": {
      "version": "1.0.0-4168098189.commit-e75240a",
      "resolved": "https://sdk-team-cdn.decentraland.org/@dcl/protocol/branch//dcl-protocol-1.0.0-4168098189.commit-e75240a.tgz",
      "integrity": "sha512-vbJEqxiDP9AnmlAzy52O+AGqidgG4Y+QWd55Z8tPCZWgmwDZAKyLax8sJrmhSk4aNai+pXmEe8aIzRGHihFt0Q==",
      "license": "Apache-2.0",
      "dependencies": {
        "ts-proto": "^1.126.1"
      }
    },
    "node_modules/@protobufjs/aspromise": {
      "version": "1.1.2",
      "license": "BSD-3-Clause"
    },
    "node_modules/@protobufjs/base64": {
      "version": "1.1.2",
      "license": "BSD-3-Clause"
    },
    "node_modules/@protobufjs/codegen": {
      "version": "2.0.4",
      "license": "BSD-3-Clause"
    },
    "node_modules/@protobufjs/eventemitter": {
      "version": "1.1.0",
      "license": "BSD-3-Clause"
    },
    "node_modules/@protobufjs/fetch": {
      "version": "1.1.0",
      "license": "BSD-3-Clause",
      "dependencies": {
        "@protobufjs/aspromise": "^1.1.1",
        "@protobufjs/inquire": "^1.1.0"
      }
    },
    "node_modules/@protobufjs/float": {
      "version": "1.0.2",
      "license": "BSD-3-Clause"
    },
    "node_modules/@protobufjs/inquire": {
      "version": "1.1.0",
      "license": "BSD-3-Clause"
    },
    "node_modules/@protobufjs/path": {
      "version": "1.1.2",
      "license": "BSD-3-Clause"
    },
    "node_modules/@protobufjs/pool": {
      "version": "1.1.0",
      "license": "BSD-3-Clause"
    },
    "node_modules/@protobufjs/utf8": {
      "version": "1.1.0",
      "license": "BSD-3-Clause"
    },
    "node_modules/@types/long": {
      "version": "4.0.2",
      "license": "MIT"
    },
    "node_modules/@types/node": {
      "version": "18.8.3",
      "license": "MIT"
    },
    "node_modules/@types/object-hash": {
      "version": "1.3.4",
      "license": "MIT"
    },
    "node_modules/dataloader": {
      "version": "1.4.0",
      "license": "BSD-3-Clause"
    },
    "node_modules/detect-libc": {
      "version": "1.0.3",
      "license": "Apache-2.0",
      "bin": {
        "detect-libc": "bin/detect-libc.js"
      },
      "engines": {
        "node": ">=0.10"
      }
    },
    "node_modules/dprint-node": {
      "version": "1.0.7",
      "license": "MIT",
      "dependencies": {
        "detect-libc": "^1.0.3"
      }
    },
    "node_modules/long": {
      "version": "4.0.0",
      "license": "Apache-2.0"
    },
    "node_modules/object-hash": {
      "version": "1.3.1",
      "license": "MIT",
      "engines": {
        "node": ">= 0.10.0"
      }
    },
    "node_modules/protobufjs": {
      "version": "6.11.3",
      "hasInstallScript": true,
      "license": "BSD-3-Clause",
      "dependencies": {
        "@protobufjs/aspromise": "^1.1.2",
        "@protobufjs/base64": "^1.1.2",
        "@protobufjs/codegen": "^2.0.4",
        "@protobufjs/eventemitter": "^1.1.0",
        "@protobufjs/fetch": "^1.1.0",
        "@protobufjs/float": "^1.0.2",
        "@protobufjs/inquire": "^1.1.0",
        "@protobufjs/path": "^1.1.2",
        "@protobufjs/pool": "^1.1.0",
        "@protobufjs/utf8": "^1.1.0",
        "@types/long": "^4.0.1",
        "@types/node": ">=13.7.0",
        "long": "^4.0.0"
      },
      "bin": {
        "pbjs": "bin/pbjs",
        "pbts": "bin/pbts"
      }
    },
    "node_modules/ts-poet": {
      "version": "6.1.0",
      "license": "Apache-2.0",
      "dependencies": {
        "dprint-node": "^1.0.7"
      }
    },
    "node_modules/ts-proto": {
      "version": "1.126.1",
      "license": "ISC",
      "dependencies": {
        "@types/object-hash": "^1.3.0",
        "dataloader": "^1.4.0",
        "object-hash": "^1.3.1",
        "protobufjs": "^6.11.3",
        "ts-poet": "^6.1.0",
        "ts-proto-descriptors": "1.7.1"
      },
      "bin": {
        "protoc-gen-ts_proto": "protoc-gen-ts_proto"
      }
    },
    "node_modules/ts-proto-descriptors": {
      "version": "1.7.1",
      "license": "ISC",
      "dependencies": {
        "long": "^4.0.0",
        "protobufjs": "^6.8.8"
      }
    }
  },
  "dependencies": {
    "@dcl/js-runtime": {
      "version": "file:../js-runtime"
    },
    "@dcl/protocol": {
      "version": "https://sdk-team-cdn.decentraland.org/@dcl/protocol/branch//dcl-protocol-1.0.0-4168098189.commit-e75240a.tgz",
      "integrity": "sha512-vbJEqxiDP9AnmlAzy52O+AGqidgG4Y+QWd55Z8tPCZWgmwDZAKyLax8sJrmhSk4aNai+pXmEe8aIzRGHihFt0Q==",
      "requires": {
        "ts-proto": "^1.126.1"
      }
    },
    "@protobufjs/aspromise": {
      "version": "1.1.2"
    },
    "@protobufjs/base64": {
      "version": "1.1.2"
    },
    "@protobufjs/codegen": {
      "version": "2.0.4"
    },
    "@protobufjs/eventemitter": {
      "version": "1.1.0"
    },
    "@protobufjs/fetch": {
      "version": "1.1.0",
      "requires": {
        "@protobufjs/aspromise": "^1.1.1",
        "@protobufjs/inquire": "^1.1.0"
      }
    },
    "@protobufjs/float": {
      "version": "1.0.2"
    },
    "@protobufjs/inquire": {
      "version": "1.1.0"
    },
    "@protobufjs/path": {
      "version": "1.1.2"
    },
    "@protobufjs/pool": {
      "version": "1.1.0"
    },
    "@protobufjs/utf8": {
      "version": "1.1.0"
    },
    "@types/long": {
      "version": "4.0.2"
    },
    "@types/node": {
      "version": "18.8.3"
    },
    "@types/object-hash": {
      "version": "1.3.4"
    },
    "dataloader": {
      "version": "1.4.0"
    },
    "detect-libc": {
      "version": "1.0.3"
    },
    "dprint-node": {
      "version": "1.0.7",
      "requires": {
        "detect-libc": "^1.0.3"
      }
    },
    "long": {
      "version": "4.0.0"
    },
    "object-hash": {
      "version": "1.3.1"
    },
    "protobufjs": {
      "version": "6.11.3",
      "requires": {
        "@protobufjs/aspromise": "^1.1.2",
        "@protobufjs/base64": "^1.1.2",
        "@protobufjs/codegen": "^2.0.4",
        "@protobufjs/eventemitter": "^1.1.0",
        "@protobufjs/fetch": "^1.1.0",
        "@protobufjs/float": "^1.0.2",
        "@protobufjs/inquire": "^1.1.0",
        "@protobufjs/path": "^1.1.2",
        "@protobufjs/pool": "^1.1.0",
        "@protobufjs/utf8": "^1.1.0",
        "@types/long": "^4.0.1",
        "@types/node": ">=13.7.0",
        "long": "^4.0.0"
      }
    },
    "ts-poet": {
      "version": "6.1.0",
      "requires": {
        "dprint-node": "^1.0.7"
      }
    },
    "ts-proto": {
      "version": "1.126.1",
      "requires": {
        "@types/object-hash": "^1.3.0",
        "dataloader": "^1.4.0",
        "object-hash": "^1.3.1",
        "protobufjs": "^6.11.3",
        "ts-poet": "^6.1.0",
        "ts-proto-descriptors": "1.7.1"
      }
    },
    "ts-proto-descriptors": {
      "version": "1.7.1",
      "requires": {
        "long": "^4.0.0",
        "protobufjs": "^6.8.8"
      }
    }
  }
}
