{
  "name": "simple-scene",
  "version": "1.0.0",
  "lockfileVersion": 2,
  "requires": true,
  "packages": {
    "": {
      "name": "simple-scene",
      "version": "1.0.0",
      "license": "Apache-2.0",
      "dependencies": {
        "@dcl/ecs-math": "^2.0.1-20221108141807.commit-a1344cb"
      },
      "devDependencies": {
        "@dcl/dcl-rollup": "file:../../../../packages/@dcl/dcl-rollup",
        "@dcl/ecs": "file:../../../../packages/@dcl/ecs",
        "@dcl/js-runtime": "file:../../../../packages/@dcl/js-runtime",
        "@dcl/react-ecs": "file:../../../../packages/@dcl/react-ecs",
        "@dcl/sdk": "file:../../../../packages/@dcl/sdk"
      }
    },
    "../../../../packages/@dcl/dcl-rollup": {
      "version": "7.0.0",
      "dev": true,
      "license": "Apache-2.0",
      "dependencies": {
        "@rollup/plugin-commonjs": "^23.0.2",
        "@rollup/plugin-node-resolve": "^15.0.1",
        "@rollup/plugin-replace": "^5.0.1",
        "@rollup/plugin-terser": "^0.1.0",
        "@rollup/plugin-typescript": "^9.0.2",
        "colorette": "^2.0.19",
        "fp-future": "^1.0.1",
        "glob": "^7.1.7",
        "rollup": "^3.4.0",
        "rollup-plugin-analyzer": "^4.0.0",
        "rollup-plugin-api-extractor": "^0.2.5",
        "typescript": "^4.8.4"
      },
      "bin": {
        "build-ecs": "index.js"
      }
    },
    "../../../../packages/@dcl/ecs": {
      "version": "7.0.0",
      "dev": true,
      "license": "Apache-2.0",
      "dependencies": {
        "@dcl/crdt": "^1.0.0-20220819145912.commit-35069cd",
        "@dcl/ecs-math": "^2.0.1-20221108141807.commit-a1344cb",
        "@dcl/js-runtime": "file:../js-runtime",
        "@dcl/protocol": "^1.0.0-3524279049.commit-02b9080"
      },
      "devDependencies": {
        "ts-proto": "^1.112.0"
      }
    },
    "../../../../packages/@dcl/js-runtime": {
      "version": "7.0.0",
      "dev": true,
      "license": "Apache-2.0"
    },
    "../../../../packages/@dcl/react-ecs": {
      "version": "0.0.1",
      "dev": true,
      "license": "Apache-2.0",
      "dependencies": {
        "@dcl/ecs": "file:../ecs",
        "react": "^18.2.0",
        "react-reconciler": "^0.29.0"
      },
      "devDependencies": {
        "@types/react": "^18.0.18",
        "@types/react-reconciler": "^0.28.0"
      }
    },
    "../../../../packages/@dcl/sdk": {
      "version": "7.0.0",
      "dev": true,
      "license": "Apache-2.0",
      "dependencies": {
        "@dcl/dcl-rollup": "file:../dcl-rollup",
        "@dcl/ecs": "file:../ecs",
        "@dcl/js-runtime": "file:../js-runtime",
        "@dcl/kernel": "^1.0.0-3339209749.commit-fa9e5d7",
        "@dcl/unity-renderer": "^1.0.59980-20221027151836.commit-cc26142"
      }
    },
    "node_modules/@dcl/dcl-rollup": {
      "resolved": "../../../../packages/@dcl/dcl-rollup",
      "link": true
    },
    "node_modules/@dcl/ecs": {
      "resolved": "../../../../packages/@dcl/ecs",
      "link": true
    },
    "node_modules/@dcl/ecs-math": {
      "version": "2.0.1-20221108141807.commit-a1344cb",
      "resolved": "https://registry.npmjs.org/@dcl/ecs-math/-/ecs-math-2.0.1-20221108141807.commit-a1344cb.tgz",
      "integrity": "sha512-PyHTG0J3QxfhvbiXztxI3z2d6mqTHvAfQDf5l2VfXfkG1GxKO4Of2MYTIgFL1m25mGAsoaghld65e9heEQti+Q=="
    },
    "node_modules/@dcl/js-runtime": {
      "resolved": "../../../../packages/@dcl/js-runtime",
      "link": true
    },
    "node_modules/@dcl/react-ecs": {
      "resolved": "../../../../packages/@dcl/react-ecs",
      "link": true
    },
    "node_modules/@dcl/sdk": {
      "resolved": "../../../../packages/@dcl/sdk",
      "link": true
    }
  },
  "dependencies": {
    "@dcl/dcl-rollup": {
      "version": "file:../../../../packages/@dcl/dcl-rollup",
      "requires": {
        "@rollup/plugin-commonjs": "^23.0.2",
        "@rollup/plugin-node-resolve": "^15.0.1",
        "@rollup/plugin-replace": "^5.0.1",
        "@rollup/plugin-terser": "^0.1.0",
        "@rollup/plugin-typescript": "^9.0.2",
        "colorette": "^2.0.19",
        "fp-future": "^1.0.1",
        "glob": "^7.1.7",
        "rollup": "^3.4.0",
        "rollup-plugin-analyzer": "^4.0.0",
        "rollup-plugin-api-extractor": "^0.2.5",
        "typescript": "^4.8.4"
      }
    },
    "@dcl/ecs": {
      "version": "file:../../../../packages/@dcl/ecs",
      "requires": {
        "@dcl/crdt": "^1.0.0-20220819145912.commit-35069cd",
        "@dcl/ecs-math": "^2.0.1-20221108141807.commit-a1344cb",
        "@dcl/js-runtime": "file:../js-runtime",
        "@dcl/protocol": "^1.0.0-3524279049.commit-02b9080",
        "ts-proto": "^1.112.0"
      }
    },
    "@dcl/ecs-math": {
      "version": "2.0.1-20221108141807.commit-a1344cb",
      "resolved": "https://registry.npmjs.org/@dcl/ecs-math/-/ecs-math-2.0.1-20221108141807.commit-a1344cb.tgz",
      "integrity": "sha512-PyHTG0J3QxfhvbiXztxI3z2d6mqTHvAfQDf5l2VfXfkG1GxKO4Of2MYTIgFL1m25mGAsoaghld65e9heEQti+Q=="
    },
    "@dcl/js-runtime": {
      "version": "file:../../../../packages/@dcl/js-runtime"
    },
    "@dcl/react-ecs": {
      "version": "file:../../../../packages/@dcl/react-ecs",
      "requires": {
        "@dcl/ecs": "file:../ecs",
        "@types/react": "^18.0.18",
        "@types/react-reconciler": "^0.28.0",
        "react": "^18.2.0",
        "react-reconciler": "^0.29.0"
      }
    },
    "@dcl/sdk": {
      "version": "file:../../../../packages/@dcl/sdk",
      "requires": {
        "@dcl/dcl-rollup": "file:../dcl-rollup",
        "@dcl/ecs": "file:../ecs",
        "@dcl/js-runtime": "file:../js-runtime",
        "@dcl/kernel": "^1.0.0-3339209749.commit-fa9e5d7",
        "@dcl/unity-renderer": "^1.0.59980-20221027151836.commit-cc26142"
      }
    }
  }
}
