{
  "name": "simple-scene",
  "version": "1.0.0",
  "lockfileVersion": 2,
  "requires": true,
  "packages": {
    "": {
      "name": "simple-scene",
      "version": "1.0.0",
      "bundleDependencies": [
        "@dcl/react-ecs"
      ],
      "license": "Apache-2.0",
      "devDependencies": {
        "@dcl/react-ecs": "file:../../../../packages/@dcl/react-ecs",
        "@dcl/sdk": "file:../../../../packages/@dcl/sdk"
      }
    },
    "../../../../packages/@dcl/react-ecs": {
      "version": "0.0.1",
      "dev": true,
      "license": "Apache-2.0",
      "dependencies": {
        "react": "^18.2.0",
        "react-reconciler": "^0.29.0"
      },
      "devDependencies": {
        "@types/react": "^18.0.18",
        "@types/react-reconciler": "^0.28.0"
      }
    },
    "../../../../packages/@dcl/sdk": {
      "version": "7.0.0",
      "dev": true,
      "license": "Apache-2.0",
      "dependencies": {
        "@dcl/kernel": "1.0.0-2638443584.commit-696a74b",
        "@dcl/schemas": "4.8.0",
        "@dcl/unity-renderer": "^1.0.40531-20220621125654.commit-472137e",
        "glob": "^7.1.7",
        "http-proxy-middleware": "^2.0.3",
        "ignore": "^5.1.8"
      }
    },
    "node_modules/@dcl/react-ecs": {
      "resolved": "../../../../packages/@dcl/react-ecs",
      "link": true
    },
    "node_modules/@dcl/sdk": {
      "resolved": "../../../../packages/@dcl/sdk",
      "link": true
    }
  },
  "dependencies": {
    "@dcl/react-ecs": {
      "version": "file:../../../../packages/@dcl/react-ecs",
      "requires": {
        "@types/react": "^18.0.18",
        "@types/react-reconciler": "^0.28.0",
        "react": "^18.2.0",
        "react-reconciler": "^0.29.0"
      }
    },
    "@dcl/sdk": {
      "version": "file:../../../../packages/@dcl/sdk",
      "requires": {
        "@dcl/kernel": "1.0.0-2638443584.commit-696a74b",
        "@dcl/schemas": "4.8.0",
        "@dcl/unity-renderer": "^1.0.40531-20220621125654.commit-472137e",
        "glob": "^7.1.7",
        "http-proxy-middleware": "^2.0.3",
        "ignore": "^5.1.8"
      }
    }
  }
}
