{
  "name": "simple-scene-with-library",
  "version": "1.0.0",
  "lockfileVersion": 2,
  "requires": true,
  "packages": {
    "": {
      "name": "simple-scene-with-library",
      "version": "1.0.0",
      "bundleDependencies": [
        "@dcl/ecs-scene-utils",
        "dcl-test-lib-integration",
        "eth-connect",
        "rollup-demo-decentraland-lib"
      ],
      "license": "Apache-2.0",
      "dependencies": {
        "@dcl/ecs-scene-utils": "^1.7.5",
        "eth-connect": "^6.0.0",
        "rollup-demo-decentraland-lib": "file:../rollup-lib-integration"
      },
      "devDependencies": {
        "@dcl/sdk": "./../../../../packages/@dcl/sdk",
        "dcl-test-lib-integration": "file:../dcl-test-lib-integration"
      }
    },
    "../../../../packages/@dcl/sdk": {
      "version": "7.0.0",
      "dev": true,
      "license": "Apache-2.0",
      "dependencies": {
        "@dcl/amd": "file:../amd",
        "@dcl/build-ecs": "file:../build-ecs",
        "@dcl/kernel": "^1.0.0-2529763428.commit-f5a0321",
        "@dcl/posix": "^1.0.4",
        "@dcl/schemas": "4.8.0",
        "@dcl/unity-renderer": "^1.0.40531-20220621125654.commit-472137e",
        "glob": "^7.1.7",
        "http-proxy-middleware": "^2.0.3",
        "ignore": "^5.1.8"
      }
    },
    "../dcl-test-lib-integration": {
      "version": "1.0.0",
      "bundleDependencies": [
        "eth-connect"
      ],
      "dev": true,
      "license": "Apache-2.0",
      "dependencies": {
        "eth-connect": "^6.0.0"
      },
      "devDependencies": {
        "@dcl/sdk": "./../../../../packages/@dcl/sdk"
      }
    },
    "../rollup-lib-integration": {
      "name": "rollup-demo-decentraland-lib",
      "version": "1.0.0",
      "license": "Apache-2.0"
    },
    "node_modules/@dcl/amd": {
      "version": "6.11.1",
      "resolved": "https://registry.npmjs.org/@dcl/amd/-/amd-6.11.1.tgz",
      "integrity": "sha512-N0IScucthQKwk3svG/phJ0VCP4hqQzgJdUNmQJTR92ifJPZPh9QP4ps7rPtDMuPKlu3eMlH4SU5KBEMuTNkQ0w==",
      "inBundle": true,
      "peer": true
    },
    "node_modules/@dcl/build-ecs": {
      "version": "6.11.1",
      "resolved": "https://registry.npmjs.org/@dcl/build-ecs/-/build-ecs-6.11.1.tgz",
      "integrity": "sha512-UzqxOR9tp7b9tZjhjS7VyfO499zBvOWiU+iv/E35StOaWdLN0Aaa7IRQVabXQw+3KZB/xqxmtTfbcMcRc0AUvg==",
      "inBundle": true,
      "peer": true,
      "dependencies": {
        "terser": "^5.7.2",
        "typescript": "^4.4.2"
      },
      "bin": {
        "build-ecs": "index.js"
      }
    },
    "node_modules/@dcl/ecs-scene-utils": {
      "version": "1.7.5",
      "resolved": "https://registry.npmjs.org/@dcl/ecs-scene-utils/-/ecs-scene-utils-1.7.5.tgz",
      "integrity": "sha512-kheUPhHTXHUdJBKjG3OHHyc9ABAMXyY63uV6E69sFeBIGgYCL+lK9FWMQJe5AOa+wHM781xdmWq8tHh4jlJbaw==",
      "inBundle": true,
      "peerDependencies": {
        "decentraland-ecs": "6.x.x"
      }
    },
    "node_modules/@dcl/kernel": {
      "version": "1.0.0-2475769352.commit-8a2d7a3",
      "resolved": "https://registry.npmjs.org/@dcl/kernel/-/kernel-1.0.0-2475769352.commit-8a2d7a3.tgz",
      "integrity": "sha512-BAuF9qNZOJtdJ94WtX4LKBZUFxHclBKLp1nOrpnYnBXmleheofpBQqwnmlsWBtvMgZQRF0xEkU41aDziWfmJJA==",
      "inBundle": true,
      "peer": true
    },
    "node_modules/@dcl/posix": {
      "version": "1.0.4",
      "resolved": "https://registry.npmjs.org/@dcl/posix/-/posix-1.0.4.tgz",
      "integrity": "sha512-Z0zpNr2HAxn2cLWUadWGlzaG48Z+N3hg2bI20UH+OT8NJtvCJnAwVBshAG83iAn4BTC+CsUsk4A394jrlv2ZIQ==",
      "inBundle": true,
      "peer": true
    },
    "node_modules/@dcl/schemas": {
      "version": "4.8.0",
      "resolved": "https://registry.npmjs.org/@dcl/schemas/-/schemas-4.8.0.tgz",
      "integrity": "sha512-NLvu90JSAunwA6vVYfVcdvlwO2x5fTc2tPhsko5kFfBEIp7lCzwSy6DoSlee/t92Uw9zIyNIS9Ai3ewLQ0T4zQ==",
      "inBundle": true,
      "peer": true,
      "dependencies": {
        "ajv": "^7.1.0"
      }
    },
    "node_modules/@dcl/sdk": {
      "resolved": "../../../../packages/@dcl/sdk",
      "link": true
    },
    "node_modules/@dcl/unity-renderer": {
      "version": "1.0.35874-20220512094007.commit-bfb5052",
      "resolved": "https://registry.npmjs.org/@dcl/unity-renderer/-/unity-renderer-1.0.35874-20220512094007.commit-bfb5052.tgz",
      "integrity": "sha512-cy3+dN6Exm4bd2cpMAx7aHyqztfuRhKOr9Bny0irJi79y1nnnGVeOxc6pPSDcO4uR3JFmZit9B5SifT1AxXHiw==",
      "inBundle": true,
      "peer": true
    },
    "node_modules/@jridgewell/gen-mapping": {
      "version": "0.3.1",
      "resolved": "https://registry.npmjs.org/@jridgewell/gen-mapping/-/gen-mapping-0.3.1.tgz",
      "integrity": "sha512-GcHwniMlA2z+WFPWuY8lp3fsza0I8xPFMWL5+n8LYyP6PSvPrXf4+n8stDHZY2DM0zy9sVkRDy1jDI4XGzYVqg==",
      "inBundle": true,
      "peer": true,
      "dependencies": {
        "@jridgewell/set-array": "^1.0.0",
        "@jridgewell/sourcemap-codec": "^1.4.10",
        "@jridgewell/trace-mapping": "^0.3.9"
      },
      "engines": {
        "node": ">=6.0.0"
      }
    },
    "node_modules/@jridgewell/resolve-uri": {
      "version": "3.0.7",
      "resolved": "https://registry.npmjs.org/@jridgewell/resolve-uri/-/resolve-uri-3.0.7.tgz",
      "integrity": "sha512-8cXDaBBHOr2pQ7j77Y6Vp5VDT2sIqWyWQ56TjEq4ih/a4iST3dItRe8Q9fp0rrIl9DoKhWQtUQz/YpOxLkXbNA==",
      "inBundle": true,
      "peer": true,
      "engines": {
        "node": ">=6.0.0"
      }
    },
    "node_modules/@jridgewell/set-array": {
      "version": "1.1.1",
      "resolved": "https://registry.npmjs.org/@jridgewell/set-array/-/set-array-1.1.1.tgz",
      "integrity": "sha512-Ct5MqZkLGEXTVmQYbGtx9SVqD2fqwvdubdps5D3djjAkgkKwT918VNOz65pEHFaYTeWcukmJmH5SwsA9Tn2ObQ==",
      "inBundle": true,
      "peer": true,
      "engines": {
        "node": ">=6.0.0"
      }
    },
    "node_modules/@jridgewell/source-map": {
      "version": "0.3.2",
      "resolved": "https://registry.npmjs.org/@jridgewell/source-map/-/source-map-0.3.2.tgz",
      "integrity": "sha512-m7O9o2uR8k2ObDysZYzdfhb08VuEml5oWGiosa1VdaPZ/A6QyPkAJuwN0Q1lhULOf6B7MtQmHENS743hWtCrgw==",
      "inBundle": true,
      "peer": true,
      "dependencies": {
        "@jridgewell/gen-mapping": "^0.3.0",
        "@jridgewell/trace-mapping": "^0.3.9"
      }
    },
    "node_modules/@jridgewell/sourcemap-codec": {
      "version": "1.4.13",
      "resolved": "https://registry.npmjs.org/@jridgewell/sourcemap-codec/-/sourcemap-codec-1.4.13.tgz",
      "integrity": "sha512-GryiOJmNcWbovBxTfZSF71V/mXbgcV3MewDe3kIMCLyIh5e7SKAeUZs+rMnJ8jkMolZ/4/VsdBmMrw3l+VdZ3w==",
      "inBundle": true,
      "peer": true
    },
    "node_modules/@jridgewell/trace-mapping": {
      "version": "0.3.13",
      "resolved": "https://registry.npmjs.org/@jridgewell/trace-mapping/-/trace-mapping-0.3.13.tgz",
      "integrity": "sha512-o1xbKhp9qnIAoHJSWd6KlCZfqslL4valSF81H8ImioOAxluWYWOpWkpyktY2vnt4tbrX9XYaxovq6cgowaJp2w==",
      "inBundle": true,
      "peer": true,
      "dependencies": {
        "@jridgewell/resolve-uri": "^3.0.3",
        "@jridgewell/sourcemap-codec": "^1.4.10"
      }
    },
    "node_modules/@types/http-proxy": {
      "version": "1.17.9",
      "resolved": "https://registry.npmjs.org/@types/http-proxy/-/http-proxy-1.17.9.tgz",
      "integrity": "sha512-QsbSjA/fSk7xB+UXlCT3wHBy5ai9wOcNDWwZAtud+jXhwOM3l+EYZh8Lng4+/6n8uar0J7xILzqftJdJ/Wdfkw==",
      "inBundle": true,
      "peer": true,
      "dependencies": {
        "@types/node": "*"
      }
    },
    "node_modules/@types/node": {
      "version": "17.0.42",
      "resolved": "https://registry.npmjs.org/@types/node/-/node-17.0.42.tgz",
      "integrity": "sha512-Q5BPGyGKcvQgAMbsr7qEGN/kIPN6zZecYYABeTDBizOsau+2NMdSVTar9UQw21A2+JyA2KRNDYaYrPB0Rpk2oQ==",
      "inBundle": true,
      "peer": true
    },
    "node_modules/acorn": {
      "version": "8.7.1",
      "resolved": "https://registry.npmjs.org/acorn/-/acorn-8.7.1.tgz",
      "integrity": "sha512-Xx54uLJQZ19lKygFXOWsscKUbsBZW0CPykPhVQdhIeIwrbPmJzqeASDInc8nKBnp/JT6igTs82qPXz069H8I/A==",
      "inBundle": true,
      "peer": true,
      "bin": {
        "acorn": "bin/acorn"
      },
      "engines": {
        "node": ">=0.4.0"
      }
    },
    "node_modules/ajv": {
      "version": "7.2.4",
      "resolved": "https://registry.npmjs.org/ajv/-/ajv-7.2.4.tgz",
      "integrity": "sha512-nBeQgg/ZZA3u3SYxyaDvpvDtgZ/EZPF547ARgZBrG9Bhu1vKDwAIjtIf+sDtJUKa2zOcEbmRLBRSyMraS/Oy1A==",
      "inBundle": true,
      "peer": true,
      "dependencies": {
        "fast-deep-equal": "^3.1.1",
        "json-schema-traverse": "^1.0.0",
        "require-from-string": "^2.0.2",
        "uri-js": "^4.2.2"
      },
      "funding": {
        "type": "github",
        "url": "https://github.com/sponsors/epoberezkin"
      }
    },
    "node_modules/balanced-match": {
      "version": "1.0.2",
      "resolved": "https://registry.npmjs.org/balanced-match/-/balanced-match-1.0.2.tgz",
      "integrity": "sha512-3oSeUO0TMV67hN1AmbXsK4yaqU7tjiHlbxRDZOpH0KW9+CeX4bRAaX0Anxt0tx2MrpRpWwQaPwIlISEJhYU5Pw==",
      "inBundle": true,
      "peer": true
    },
    "node_modules/brace-expansion": {
      "version": "1.1.11",
      "resolved": "https://registry.npmjs.org/brace-expansion/-/brace-expansion-1.1.11.tgz",
      "integrity": "sha512-iCuPHDFgrHX7H2vEI/5xpz07zSHB00TpugqhmYtVmMO6518mCuRMoOYFldEBl0g187ufozdaHgWKcYFb61qGiA==",
      "inBundle": true,
      "peer": true,
      "dependencies": {
        "balanced-match": "^1.0.0",
        "concat-map": "0.0.1"
      }
    },
    "node_modules/braces": {
      "version": "3.0.2",
      "resolved": "https://registry.npmjs.org/braces/-/braces-3.0.2.tgz",
      "integrity": "sha512-b8um+L1RzM3WDSzvhm6gIz1yfTbBt6YTlcEKAvsmqCZZFw46z626lVj9j1yEPW33H5H+lBQpZMP1k8l+78Ha0A==",
      "inBundle": true,
      "peer": true,
      "dependencies": {
        "fill-range": "^7.0.1"
      },
      "engines": {
        "node": ">=8"
      }
    },
    "node_modules/buffer-from": {
      "version": "1.1.2",
      "resolved": "https://registry.npmjs.org/buffer-from/-/buffer-from-1.1.2.tgz",
      "integrity": "sha512-E+XQCRwSbaaiChtv6k6Dwgc+bx+Bs6vuKJHHl5kox/BaKbhiXzqQOwK4cO22yElGp2OCmjwVhT3HmxgyPGnJfQ==",
      "inBundle": true,
      "peer": true
    },
    "node_modules/commander": {
      "version": "2.20.3",
      "resolved": "https://registry.npmjs.org/commander/-/commander-2.20.3.tgz",
      "integrity": "sha512-GpVkmM8vF2vQUkj2LvZmD35JxeJOLCwJ9cUkugyk2nuhbv3+mJvpLYYt+0+USMxE+oj+ey/lJEnhZw75x/OMcQ==",
      "inBundle": true,
      "peer": true
    },
    "node_modules/concat-map": {
      "version": "0.0.1",
      "resolved": "https://registry.npmjs.org/concat-map/-/concat-map-0.0.1.tgz",
      "integrity": "sha512-/Srv4dswyQNBfohGpz9o6Yb3Gz3SrUDqBH5rTuhGR7ahtlbYKnVxw2bCFMRljaA7EXHaXZ8wsHdodFvbkhKmqg==",
      "inBundle": true,
      "peer": true
    },
    "node_modules/dcl-test-lib-integration": {
      "resolved": "../dcl-test-lib-integration",
      "link": true
    },
    "node_modules/decentraland-ecs": {
      "version": "6.11.1",
      "resolved": "https://registry.npmjs.org/decentraland-ecs/-/decentraland-ecs-6.11.1.tgz",
      "integrity": "sha512-1lyB24KCfI0tv5PMtXaD9qNVNlZMmLOq3JK4V1LarMXgwzcsiio6u1/z1HdbmRVH8MPkUH7c4ZLJKm5n2OgZJA==",
      "inBundle": true,
      "peer": true,
      "dependencies": {
        "@dcl/amd": "6.11.1",
        "@dcl/build-ecs": "6.11.1",
        "@dcl/kernel": "^1.0.0-2322196163.commit-bfb06e9",
        "@dcl/posix": "^1.0.4",
        "@dcl/schemas": "4.8.0",
        "@dcl/unity-renderer": "^1.0.35874-20220512094007.commit-bfb5052",
        "glob": "^7.1.7",
        "http-proxy-middleware": "^2.0.3",
        "ignore": "^5.1.8"
      }
    },
    "node_modules/eth-connect": {
      "version": "6.0.3",
      "resolved": "https://registry.npmjs.org/eth-connect/-/eth-connect-6.0.3.tgz",
      "integrity": "sha512-jK+zqIhMuZe6RlHkEKOXSZDKgZQw/mPTLlysdFYQsxaJlZtaB1EQSTgY/DrHhOc2wUUmB97raAftmhC8Wk/o7Q==",
      "inBundle": true
    },
    "node_modules/eventemitter3": {
      "version": "4.0.7",
      "resolved": "https://registry.npmjs.org/eventemitter3/-/eventemitter3-4.0.7.tgz",
      "integrity": "sha512-8guHBZCwKnFhYdHr2ysuRWErTwhoN2X8XELRlrRwpmfeY2jjuUN4taQMsULKUVo1K4DvZl+0pgfyoysHxvmvEw==",
      "inBundle": true,
      "peer": true
    },
    "node_modules/fast-deep-equal": {
      "version": "3.1.3",
      "resolved": "https://registry.npmjs.org/fast-deep-equal/-/fast-deep-equal-3.1.3.tgz",
      "integrity": "sha512-f3qQ9oQy9j2AhBe/H9VC91wLmKBCCU/gDOnKNAYG5hswO7BLKj09Hc5HYNz9cGI++xlpDCIgDaitVs03ATR84Q==",
      "inBundle": true,
      "peer": true
    },
    "node_modules/fill-range": {
      "version": "7.0.1",
      "resolved": "https://registry.npmjs.org/fill-range/-/fill-range-7.0.1.tgz",
      "integrity": "sha512-qOo9F+dMUmC2Lcb4BbVvnKJxTPjCm+RRpe4gDuGrzkL7mEVl/djYSu2OdQ2Pa302N4oqkSg9ir6jaLWJ2USVpQ==",
      "inBundle": true,
      "peer": true,
      "dependencies": {
        "to-regex-range": "^5.0.1"
      },
      "engines": {
        "node": ">=8"
      }
    },
    "node_modules/follow-redirects": {
      "version": "1.15.1",
      "resolved": "https://registry.npmjs.org/follow-redirects/-/follow-redirects-1.15.1.tgz",
      "integrity": "sha512-yLAMQs+k0b2m7cVxpS1VKJVvoz7SS9Td1zss3XRwXj+ZDH00RJgnuLx7E44wx02kQLrdM3aOOy+FpzS7+8OizA==",
      "funding": [
        {
          "type": "individual",
          "url": "https://github.com/sponsors/RubenVerborgh"
        }
      ],
      "inBundle": true,
      "peer": true,
      "engines": {
        "node": ">=4.0"
      },
      "peerDependenciesMeta": {
        "debug": {
          "optional": true
        }
      }
    },
    "node_modules/fs.realpath": {
      "version": "1.0.0",
      "resolved": "https://registry.npmjs.org/fs.realpath/-/fs.realpath-1.0.0.tgz",
      "integrity": "sha512-OO0pH2lK6a0hZnAdau5ItzHPI6pUlvI7jMVnxUQRtw4owF2wk8lOSabtGDCTP4Ggrg2MbGnWO9X8K1t4+fGMDw==",
      "inBundle": true,
      "peer": true
    },
    "node_modules/glob": {
      "version": "7.2.3",
      "resolved": "https://registry.npmjs.org/glob/-/glob-7.2.3.tgz",
      "integrity": "sha512-nFR0zLpU2YCaRxwoCJvL6UvCH2JFyFVIvwTLsIf21AuHlMskA1hhTdk+LlYJtOlYt9v6dvszD2BGRqBL+iQK9Q==",
      "inBundle": true,
      "peer": true,
      "dependencies": {
        "fs.realpath": "^1.0.0",
        "inflight": "^1.0.4",
        "inherits": "2",
        "minimatch": "^3.1.1",
        "once": "^1.3.0",
        "path-is-absolute": "^1.0.0"
      },
      "engines": {
        "node": "*"
      },
      "funding": {
        "url": "https://github.com/sponsors/isaacs"
      }
    },
    "node_modules/http-proxy": {
      "version": "1.18.1",
      "resolved": "https://registry.npmjs.org/http-proxy/-/http-proxy-1.18.1.tgz",
      "integrity": "sha512-7mz/721AbnJwIVbnaSv1Cz3Am0ZLT/UBwkC92VlxhXv/k/BBQfM2fXElQNC27BVGr0uwUpplYPQM9LnaBMR5NQ==",
      "inBundle": true,
      "peer": true,
      "dependencies": {
        "eventemitter3": "^4.0.0",
        "follow-redirects": "^1.0.0",
        "requires-port": "^1.0.0"
      },
      "engines": {
        "node": ">=8.0.0"
      }
    },
    "node_modules/http-proxy-middleware": {
      "version": "2.0.6",
      "resolved": "https://registry.npmjs.org/http-proxy-middleware/-/http-proxy-middleware-2.0.6.tgz",
      "integrity": "sha512-ya/UeJ6HVBYxrgYotAZo1KvPWlgB48kUJLDePFeneHsVujFaW5WNj2NgWCAE//B1Dl02BIfYlpNgBy8Kf8Rjmw==",
      "inBundle": true,
      "peer": true,
      "dependencies": {
        "@types/http-proxy": "^1.17.8",
        "http-proxy": "^1.18.1",
        "is-glob": "^4.0.1",
        "is-plain-obj": "^3.0.0",
        "micromatch": "^4.0.2"
      },
      "engines": {
        "node": ">=12.0.0"
      },
      "peerDependencies": {
        "@types/express": "^4.17.13"
      },
      "peerDependenciesMeta": {
        "@types/express": {
          "optional": true
        }
      }
    },
    "node_modules/ignore": {
      "version": "5.2.0",
      "resolved": "https://registry.npmjs.org/ignore/-/ignore-5.2.0.tgz",
      "integrity": "sha512-CmxgYGiEPCLhfLnpPp1MoRmifwEIOgjcHXxOBjv7mY96c+eWScsOP9c112ZyLdWHi0FxHjI+4uVhKYp/gcdRmQ==",
      "inBundle": true,
      "peer": true,
      "engines": {
        "node": ">= 4"
      }
    },
    "node_modules/inflight": {
      "version": "1.0.6",
      "resolved": "https://registry.npmjs.org/inflight/-/inflight-1.0.6.tgz",
      "integrity": "sha512-k92I/b08q4wvFscXCLvqfsHCrjrF7yiXsQuIVvVE7N82W3+aqpzuUdBbfhWcy/FZR3/4IgflMgKLOsvPDrGCJA==",
      "inBundle": true,
      "peer": true,
      "dependencies": {
        "once": "^1.3.0",
        "wrappy": "1"
      }
    },
    "node_modules/inherits": {
      "version": "2.0.4",
      "resolved": "https://registry.npmjs.org/inherits/-/inherits-2.0.4.tgz",
      "integrity": "sha512-k/vGaX4/Yla3WzyMCvTQOXYeIHvqOKtnqBduzTHpzpQZzAskKMhZ2K+EnBiSM9zGSoIFeMpXKxa4dYeZIQqewQ==",
      "inBundle": true,
      "peer": true
    },
    "node_modules/is-extglob": {
      "version": "2.1.1",
      "resolved": "https://registry.npmjs.org/is-extglob/-/is-extglob-2.1.1.tgz",
      "integrity": "sha512-SbKbANkN603Vi4jEZv49LeVJMn4yGwsbzZworEoyEiutsN3nJYdbO36zfhGJ6QEDpOZIFkDtnq5JRxmvl3jsoQ==",
      "inBundle": true,
      "peer": true,
      "engines": {
        "node": ">=0.10.0"
      }
    },
    "node_modules/is-glob": {
      "version": "4.0.3",
      "resolved": "https://registry.npmjs.org/is-glob/-/is-glob-4.0.3.tgz",
      "integrity": "sha512-xelSayHH36ZgE7ZWhli7pW34hNbNl8Ojv5KVmkJD4hBdD3th8Tfk9vYasLM+mXWOZhFkgZfxhLSnrwRr4elSSg==",
      "inBundle": true,
      "peer": true,
      "dependencies": {
        "is-extglob": "^2.1.1"
      },
      "engines": {
        "node": ">=0.10.0"
      }
    },
    "node_modules/is-number": {
      "version": "7.0.0",
      "resolved": "https://registry.npmjs.org/is-number/-/is-number-7.0.0.tgz",
      "integrity": "sha512-41Cifkg6e8TylSpdtTpeLVMqvSBEVzTttHvERD741+pnZ8ANv0004MRL43QKPDlK9cGvNp6NZWZUBlbGXYxxng==",
      "inBundle": true,
      "peer": true,
      "engines": {
        "node": ">=0.12.0"
      }
    },
    "node_modules/is-plain-obj": {
      "version": "3.0.0",
      "resolved": "https://registry.npmjs.org/is-plain-obj/-/is-plain-obj-3.0.0.tgz",
      "integrity": "sha512-gwsOE28k+23GP1B6vFl1oVh/WOzmawBrKwo5Ev6wMKzPkaXaCDIQKzLnvsA42DRlbVTWorkgTKIviAKCWkfUwA==",
      "inBundle": true,
      "peer": true,
      "engines": {
        "node": ">=10"
      },
      "funding": {
        "url": "https://github.com/sponsors/sindresorhus"
      }
    },
    "node_modules/json-schema-traverse": {
      "version": "1.0.0",
      "resolved": "https://registry.npmjs.org/json-schema-traverse/-/json-schema-traverse-1.0.0.tgz",
      "integrity": "sha512-NM8/P9n3XjXhIZn1lLhkFaACTOURQXjWhV4BA/RnOv8xvgqtqpAX9IO4mRQxSx1Rlo4tqzeqb0sOlruaOy3dug==",
      "inBundle": true,
      "peer": true
    },
    "node_modules/micromatch": {
      "version": "4.0.5",
      "resolved": "https://registry.npmjs.org/micromatch/-/micromatch-4.0.5.tgz",
      "integrity": "sha512-DMy+ERcEW2q8Z2Po+WNXuw3c5YaUSFjAO5GsJqfEl7UjvtIuFKO6ZrKvcItdy98dwFI2N1tg3zNIdKaQT+aNdA==",
      "inBundle": true,
      "peer": true,
      "dependencies": {
        "braces": "^3.0.2",
        "picomatch": "^2.3.1"
      },
      "engines": {
        "node": ">=8.6"
      }
    },
    "node_modules/minimatch": {
      "version": "3.1.2",
      "resolved": "https://registry.npmjs.org/minimatch/-/minimatch-3.1.2.tgz",
      "integrity": "sha512-J7p63hRiAjw1NDEww1W7i37+ByIrOWO5XQQAzZ3VOcL0PNybwpfmV/N05zFAzwQ9USyEcX6t3UO+K5aqBQOIHw==",
      "inBundle": true,
      "peer": true,
      "dependencies": {
        "brace-expansion": "^1.1.7"
      },
      "engines": {
        "node": "*"
      }
    },
    "node_modules/once": {
      "version": "1.4.0",
      "resolved": "https://registry.npmjs.org/once/-/once-1.4.0.tgz",
      "integrity": "sha512-lNaJgI+2Q5URQBkccEKHTQOPaXdUxnZZElQTZY0MFUAuaEqe1E+Nyvgdz/aIyNi6Z9MzO5dv1H8n58/GELp3+w==",
      "inBundle": true,
      "peer": true,
      "dependencies": {
        "wrappy": "1"
      }
    },
    "node_modules/path-is-absolute": {
      "version": "1.0.1",
      "resolved": "https://registry.npmjs.org/path-is-absolute/-/path-is-absolute-1.0.1.tgz",
      "integrity": "sha512-AVbw3UJ2e9bq64vSaS9Am0fje1Pa8pbGqTTsmXfaIiMpnr5DlDhfJOuLj9Sf95ZPVDAUerDfEk88MPmPe7UCQg==",
      "inBundle": true,
      "peer": true,
      "engines": {
        "node": ">=0.10.0"
      }
    },
    "node_modules/picomatch": {
      "version": "2.3.1",
      "resolved": "https://registry.npmjs.org/picomatch/-/picomatch-2.3.1.tgz",
      "integrity": "sha512-JU3teHTNjmE2VCGFzuY8EXzCDVwEqB2a8fsIvwaStHhAWJEeVd1o1QD80CU6+ZdEXXSLbSsuLwJjkCBWqRQUVA==",
      "inBundle": true,
      "peer": true,
      "engines": {
        "node": ">=8.6"
      },
      "funding": {
        "url": "https://github.com/sponsors/jonschlinkert"
      }
    },
    "node_modules/punycode": {
      "version": "2.1.1",
      "resolved": "https://registry.npmjs.org/punycode/-/punycode-2.1.1.tgz",
      "integrity": "sha512-XRsRjdf+j5ml+y/6GKHPZbrF/8p2Yga0JPtdqTIY2Xe5ohJPD9saDJJLPvp9+NSBprVvevdXZybnj2cv8OEd0A==",
      "inBundle": true,
      "peer": true,
      "engines": {
        "node": ">=6"
      }
    },
    "node_modules/require-from-string": {
      "version": "2.0.2",
      "resolved": "https://registry.npmjs.org/require-from-string/-/require-from-string-2.0.2.tgz",
      "integrity": "sha512-Xf0nWe6RseziFMu+Ap9biiUbmplq6S9/p+7w7YXP/JBHhrUDDUhwa+vANyubuqfZWTveU//DYVGsDG7RKL/vEw==",
      "inBundle": true,
      "peer": true,
      "engines": {
        "node": ">=0.10.0"
      }
    },
    "node_modules/requires-port": {
      "version": "1.0.0",
      "resolved": "https://registry.npmjs.org/requires-port/-/requires-port-1.0.0.tgz",
      "integrity": "sha512-KigOCHcocU3XODJxsu8i/j8T9tzT4adHiecwORRQ0ZZFcp7ahwXuRU1m+yuO90C5ZUyGeGfocHDI14M3L3yDAQ==",
      "inBundle": true,
      "peer": true
    },
    "node_modules/rollup-demo-decentraland-lib": {
      "resolved": "../rollup-lib-integration",
      "link": true
    },
    "node_modules/source-map": {
      "version": "0.6.1",
      "resolved": "https://registry.npmjs.org/source-map/-/source-map-0.6.1.tgz",
      "integrity": "sha512-UjgapumWlbMhkBgzT7Ykc5YXUT46F0iKu8SGXq0bcwP5dz/h0Plj6enJqjz1Zbq2l5WaqYnrVbwWOWMyF3F47g==",
      "inBundle": true,
      "peer": true,
      "engines": {
        "node": ">=0.10.0"
      }
    },
    "node_modules/source-map-support": {
      "version": "0.5.21",
      "resolved": "https://registry.npmjs.org/source-map-support/-/source-map-support-0.5.21.tgz",
      "integrity": "sha512-uBHU3L3czsIyYXKX88fdrGovxdSCoTGDRZ6SYXtSRxLZUzHg5P/66Ht6uoUlHu9EZod+inXhKo3qQgwXUT/y1w==",
      "inBundle": true,
      "peer": true,
      "dependencies": {
        "buffer-from": "^1.0.0",
        "source-map": "^0.6.0"
      }
    },
    "node_modules/terser": {
      "version": "5.14.1",
      "resolved": "https://registry.npmjs.org/terser/-/terser-5.14.1.tgz",
      "integrity": "sha512-+ahUAE+iheqBTDxXhTisdA8hgvbEG1hHOQ9xmNjeUJSoi6DU/gMrKNcfZjHkyY6Alnuyc+ikYJaxxfHkT3+WuQ==",
      "inBundle": true,
      "peer": true,
      "dependencies": {
        "@jridgewell/source-map": "^0.3.2",
        "acorn": "^8.5.0",
        "commander": "^2.20.0",
        "source-map-support": "~0.5.20"
      },
      "bin": {
        "terser": "bin/terser"
      },
      "engines": {
        "node": ">=10"
      }
    },
    "node_modules/to-regex-range": {
      "version": "5.0.1",
      "resolved": "https://registry.npmjs.org/to-regex-range/-/to-regex-range-5.0.1.tgz",
      "integrity": "sha512-65P7iz6X5yEr1cwcgvQxbbIw7Uk3gOy5dIdtZ4rDveLqhrdJP+Li/Hx6tyK0NEb+2GCyneCMJiGqrADCSNk8sQ==",
      "inBundle": true,
      "peer": true,
      "dependencies": {
        "is-number": "^7.0.0"
      },
      "engines": {
        "node": ">=8.0"
      }
    },
    "node_modules/typescript": {
      "version": "4.7.3",
      "resolved": "https://registry.npmjs.org/typescript/-/typescript-4.7.3.tgz",
      "integrity": "sha512-WOkT3XYvrpXx4vMMqlD+8R8R37fZkjyLGlxavMc4iB8lrl8L0DeTcHbYgw/v0N/z9wAFsgBhcsF0ruoySS22mA==",
      "inBundle": true,
      "peer": true,
      "bin": {
        "tsc": "bin/tsc",
        "tsserver": "bin/tsserver"
      },
      "engines": {
        "node": ">=4.2.0"
      }
    },
    "node_modules/uri-js": {
      "version": "4.4.1",
      "resolved": "https://registry.npmjs.org/uri-js/-/uri-js-4.4.1.tgz",
      "integrity": "sha512-7rKUyy33Q1yc98pQ1DAmLtwX109F7TIfWlW1Ydo8Wl1ii1SeHieeh0HHfPeL2fMXK6z0s8ecKs9frCuLJvndBg==",
      "inBundle": true,
      "peer": true,
      "dependencies": {
        "punycode": "^2.1.0"
      }
    },
    "node_modules/wrappy": {
      "version": "1.0.2",
      "resolved": "https://registry.npmjs.org/wrappy/-/wrappy-1.0.2.tgz",
      "integrity": "sha512-l4Sp/DRseor9wL6EvV2+TuQn63dMkPjZ/sp9XkghTEbV9KlPS1xUsZ3u7/IQO4wxtcFB4bgpQPRcR3QCvezPcQ==",
      "inBundle": true,
      "peer": true
    }
  },
  "dependencies": {
    "@dcl/amd": {
      "version": "6.11.1",
      "resolved": "https://registry.npmjs.org/@dcl/amd/-/amd-6.11.1.tgz",
      "integrity": "sha512-N0IScucthQKwk3svG/phJ0VCP4hqQzgJdUNmQJTR92ifJPZPh9QP4ps7rPtDMuPKlu3eMlH4SU5KBEMuTNkQ0w==",
      "peer": true
    },
    "@dcl/build-ecs": {
      "version": "6.11.1",
      "resolved": "https://registry.npmjs.org/@dcl/build-ecs/-/build-ecs-6.11.1.tgz",
      "integrity": "sha512-UzqxOR9tp7b9tZjhjS7VyfO499zBvOWiU+iv/E35StOaWdLN0Aaa7IRQVabXQw+3KZB/xqxmtTfbcMcRc0AUvg==",
      "peer": true,
      "requires": {
        "terser": "^5.7.2",
        "typescript": "^4.4.2"
      }
    },
    "@dcl/ecs-scene-utils": {
      "version": "1.7.5",
      "resolved": "https://registry.npmjs.org/@dcl/ecs-scene-utils/-/ecs-scene-utils-1.7.5.tgz",
      "integrity": "sha512-kheUPhHTXHUdJBKjG3OHHyc9ABAMXyY63uV6E69sFeBIGgYCL+lK9FWMQJe5AOa+wHM781xdmWq8tHh4jlJbaw==",
      "requires": {}
    },
    "@dcl/kernel": {
      "version": "1.0.0-2475769352.commit-8a2d7a3",
      "resolved": "https://registry.npmjs.org/@dcl/kernel/-/kernel-1.0.0-2475769352.commit-8a2d7a3.tgz",
      "integrity": "sha512-BAuF9qNZOJtdJ94WtX4LKBZUFxHclBKLp1nOrpnYnBXmleheofpBQqwnmlsWBtvMgZQRF0xEkU41aDziWfmJJA==",
      "peer": true
    },
    "@dcl/posix": {
      "version": "1.0.4",
      "resolved": "https://registry.npmjs.org/@dcl/posix/-/posix-1.0.4.tgz",
      "integrity": "sha512-Z0zpNr2HAxn2cLWUadWGlzaG48Z+N3hg2bI20UH+OT8NJtvCJnAwVBshAG83iAn4BTC+CsUsk4A394jrlv2ZIQ==",
      "peer": true
    },
    "@dcl/schemas": {
      "version": "4.8.0",
      "resolved": "https://registry.npmjs.org/@dcl/schemas/-/schemas-4.8.0.tgz",
      "integrity": "sha512-NLvu90JSAunwA6vVYfVcdvlwO2x5fTc2tPhsko5kFfBEIp7lCzwSy6DoSlee/t92Uw9zIyNIS9Ai3ewLQ0T4zQ==",
      "peer": true,
      "requires": {
        "ajv": "^7.1.0"
      }
    },
    "@dcl/sdk": {
      "version": "file:../../../../packages/@dcl/sdk",
      "requires": {
        "@dcl/amd": "file:../amd",
        "@dcl/build-ecs": "file:../build-ecs",
        "@dcl/kernel": "^1.0.0-2529763428.commit-f5a0321",
        "@dcl/posix": "^1.0.4",
        "@dcl/schemas": "4.8.0",
        "@dcl/unity-renderer": "^1.0.40531-20220621125654.commit-472137e",
        "glob": "^7.1.7",
        "http-proxy-middleware": "^2.0.3",
        "ignore": "^5.1.8"
      }
    },
    "@dcl/unity-renderer": {
      "version": "1.0.35874-20220512094007.commit-bfb5052",
      "resolved": "https://registry.npmjs.org/@dcl/unity-renderer/-/unity-renderer-1.0.35874-20220512094007.commit-bfb5052.tgz",
      "integrity": "sha512-cy3+dN6Exm4bd2cpMAx7aHyqztfuRhKOr9Bny0irJi79y1nnnGVeOxc6pPSDcO4uR3JFmZit9B5SifT1AxXHiw==",
      "peer": true
    },
    "@jridgewell/gen-mapping": {
      "version": "0.3.1",
      "resolved": "https://registry.npmjs.org/@jridgewell/gen-mapping/-/gen-mapping-0.3.1.tgz",
      "integrity": "sha512-GcHwniMlA2z+WFPWuY8lp3fsza0I8xPFMWL5+n8LYyP6PSvPrXf4+n8stDHZY2DM0zy9sVkRDy1jDI4XGzYVqg==",
      "peer": true,
      "requires": {
        "@jridgewell/set-array": "^1.0.0",
        "@jridgewell/sourcemap-codec": "^1.4.10",
        "@jridgewell/trace-mapping": "^0.3.9"
      }
    },
    "@jridgewell/resolve-uri": {
      "version": "3.0.7",
      "resolved": "https://registry.npmjs.org/@jridgewell/resolve-uri/-/resolve-uri-3.0.7.tgz",
      "integrity": "sha512-8cXDaBBHOr2pQ7j77Y6Vp5VDT2sIqWyWQ56TjEq4ih/a4iST3dItRe8Q9fp0rrIl9DoKhWQtUQz/YpOxLkXbNA==",
      "peer": true
    },
    "@jridgewell/set-array": {
      "version": "1.1.1",
      "resolved": "https://registry.npmjs.org/@jridgewell/set-array/-/set-array-1.1.1.tgz",
      "integrity": "sha512-Ct5MqZkLGEXTVmQYbGtx9SVqD2fqwvdubdps5D3djjAkgkKwT918VNOz65pEHFaYTeWcukmJmH5SwsA9Tn2ObQ==",
      "peer": true
    },
    "@jridgewell/source-map": {
      "version": "0.3.2",
      "resolved": "https://registry.npmjs.org/@jridgewell/source-map/-/source-map-0.3.2.tgz",
      "integrity": "sha512-m7O9o2uR8k2ObDysZYzdfhb08VuEml5oWGiosa1VdaPZ/A6QyPkAJuwN0Q1lhULOf6B7MtQmHENS743hWtCrgw==",
      "peer": true,
      "requires": {
        "@jridgewell/gen-mapping": "^0.3.0",
        "@jridgewell/trace-mapping": "^0.3.9"
      }
    },
    "@jridgewell/sourcemap-codec": {
      "version": "1.4.13",
      "resolved": "https://registry.npmjs.org/@jridgewell/sourcemap-codec/-/sourcemap-codec-1.4.13.tgz",
      "integrity": "sha512-GryiOJmNcWbovBxTfZSF71V/mXbgcV3MewDe3kIMCLyIh5e7SKAeUZs+rMnJ8jkMolZ/4/VsdBmMrw3l+VdZ3w==",
      "peer": true
    },
    "@jridgewell/trace-mapping": {
      "version": "0.3.13",
      "resolved": "https://registry.npmjs.org/@jridgewell/trace-mapping/-/trace-mapping-0.3.13.tgz",
      "integrity": "sha512-o1xbKhp9qnIAoHJSWd6KlCZfqslL4valSF81H8ImioOAxluWYWOpWkpyktY2vnt4tbrX9XYaxovq6cgowaJp2w==",
      "peer": true,
      "requires": {
        "@jridgewell/resolve-uri": "^3.0.3",
        "@jridgewell/sourcemap-codec": "^1.4.10"
      }
    },
    "@types/http-proxy": {
      "version": "1.17.9",
      "resolved": "https://registry.npmjs.org/@types/http-proxy/-/http-proxy-1.17.9.tgz",
      "integrity": "sha512-QsbSjA/fSk7xB+UXlCT3wHBy5ai9wOcNDWwZAtud+jXhwOM3l+EYZh8Lng4+/6n8uar0J7xILzqftJdJ/Wdfkw==",
      "peer": true,
      "requires": {
        "@types/node": "*"
      }
    },
    "@types/node": {
      "version": "17.0.42",
      "resolved": "https://registry.npmjs.org/@types/node/-/node-17.0.42.tgz",
      "integrity": "sha512-Q5BPGyGKcvQgAMbsr7qEGN/kIPN6zZecYYABeTDBizOsau+2NMdSVTar9UQw21A2+JyA2KRNDYaYrPB0Rpk2oQ==",
      "peer": true
    },
    "acorn": {
      "version": "8.7.1",
      "resolved": "https://registry.npmjs.org/acorn/-/acorn-8.7.1.tgz",
      "integrity": "sha512-Xx54uLJQZ19lKygFXOWsscKUbsBZW0CPykPhVQdhIeIwrbPmJzqeASDInc8nKBnp/JT6igTs82qPXz069H8I/A==",
      "peer": true
    },
    "ajv": {
      "version": "7.2.4",
      "resolved": "https://registry.npmjs.org/ajv/-/ajv-7.2.4.tgz",
      "integrity": "sha512-nBeQgg/ZZA3u3SYxyaDvpvDtgZ/EZPF547ARgZBrG9Bhu1vKDwAIjtIf+sDtJUKa2zOcEbmRLBRSyMraS/Oy1A==",
      "peer": true,
      "requires": {
        "fast-deep-equal": "^3.1.1",
        "json-schema-traverse": "^1.0.0",
        "require-from-string": "^2.0.2",
        "uri-js": "^4.2.2"
      }
    },
    "balanced-match": {
      "version": "1.0.2",
      "resolved": "https://registry.npmjs.org/balanced-match/-/balanced-match-1.0.2.tgz",
      "integrity": "sha512-3oSeUO0TMV67hN1AmbXsK4yaqU7tjiHlbxRDZOpH0KW9+CeX4bRAaX0Anxt0tx2MrpRpWwQaPwIlISEJhYU5Pw==",
      "peer": true
    },
    "brace-expansion": {
      "version": "1.1.11",
      "resolved": "https://registry.npmjs.org/brace-expansion/-/brace-expansion-1.1.11.tgz",
      "integrity": "sha512-iCuPHDFgrHX7H2vEI/5xpz07zSHB00TpugqhmYtVmMO6518mCuRMoOYFldEBl0g187ufozdaHgWKcYFb61qGiA==",
      "peer": true,
      "requires": {
        "balanced-match": "^1.0.0",
        "concat-map": "0.0.1"
      }
    },
    "braces": {
      "version": "3.0.2",
      "resolved": "https://registry.npmjs.org/braces/-/braces-3.0.2.tgz",
      "integrity": "sha512-b8um+L1RzM3WDSzvhm6gIz1yfTbBt6YTlcEKAvsmqCZZFw46z626lVj9j1yEPW33H5H+lBQpZMP1k8l+78Ha0A==",
      "peer": true,
      "requires": {
        "fill-range": "^7.0.1"
      }
    },
    "buffer-from": {
      "version": "1.1.2",
      "resolved": "https://registry.npmjs.org/buffer-from/-/buffer-from-1.1.2.tgz",
      "integrity": "sha512-E+XQCRwSbaaiChtv6k6Dwgc+bx+Bs6vuKJHHl5kox/BaKbhiXzqQOwK4cO22yElGp2OCmjwVhT3HmxgyPGnJfQ==",
      "peer": true
    },
    "commander": {
      "version": "2.20.3",
      "resolved": "https://registry.npmjs.org/commander/-/commander-2.20.3.tgz",
      "integrity": "sha512-GpVkmM8vF2vQUkj2LvZmD35JxeJOLCwJ9cUkugyk2nuhbv3+mJvpLYYt+0+USMxE+oj+ey/lJEnhZw75x/OMcQ==",
      "peer": true
    },
    "concat-map": {
      "version": "0.0.1",
      "resolved": "https://registry.npmjs.org/concat-map/-/concat-map-0.0.1.tgz",
      "integrity": "sha512-/Srv4dswyQNBfohGpz9o6Yb3Gz3SrUDqBH5rTuhGR7ahtlbYKnVxw2bCFMRljaA7EXHaXZ8wsHdodFvbkhKmqg==",
      "peer": true
    },
    "dcl-test-lib-integration": {
      "version": "file:../dcl-test-lib-integration",
      "requires": {
        "@dcl/sdk": "./../../../../packages/@dcl/sdk",
        "eth-connect": "^6.0.0"
      }
    },
    "decentraland-ecs": {
      "version": "6.11.1",
      "resolved": "https://registry.npmjs.org/decentraland-ecs/-/decentraland-ecs-6.11.1.tgz",
      "integrity": "sha512-1lyB24KCfI0tv5PMtXaD9qNVNlZMmLOq3JK4V1LarMXgwzcsiio6u1/z1HdbmRVH8MPkUH7c4ZLJKm5n2OgZJA==",
      "peer": true,
      "requires": {
        "@dcl/amd": "6.11.1",
        "@dcl/build-ecs": "6.11.1",
        "@dcl/kernel": "^1.0.0-2322196163.commit-bfb06e9",
        "@dcl/posix": "^1.0.4",
        "@dcl/schemas": "4.8.0",
        "@dcl/unity-renderer": "^1.0.35874-20220512094007.commit-bfb5052",
        "glob": "^7.1.7",
        "http-proxy-middleware": "^2.0.3",
        "ignore": "^5.1.8"
      }
    },
    "eth-connect": {
      "version": "6.0.3",
      "resolved": "https://registry.npmjs.org/eth-connect/-/eth-connect-6.0.3.tgz",
      "integrity": "sha512-jK+zqIhMuZe6RlHkEKOXSZDKgZQw/mPTLlysdFYQsxaJlZtaB1EQSTgY/DrHhOc2wUUmB97raAftmhC8Wk/o7Q=="
    },
    "eventemitter3": {
      "version": "4.0.7",
      "resolved": "https://registry.npmjs.org/eventemitter3/-/eventemitter3-4.0.7.tgz",
      "integrity": "sha512-8guHBZCwKnFhYdHr2ysuRWErTwhoN2X8XELRlrRwpmfeY2jjuUN4taQMsULKUVo1K4DvZl+0pgfyoysHxvmvEw==",
      "peer": true
    },
    "fast-deep-equal": {
      "version": "3.1.3",
      "resolved": "https://registry.npmjs.org/fast-deep-equal/-/fast-deep-equal-3.1.3.tgz",
      "integrity": "sha512-f3qQ9oQy9j2AhBe/H9VC91wLmKBCCU/gDOnKNAYG5hswO7BLKj09Hc5HYNz9cGI++xlpDCIgDaitVs03ATR84Q==",
      "peer": true
    },
    "fill-range": {
      "version": "7.0.1",
      "resolved": "https://registry.npmjs.org/fill-range/-/fill-range-7.0.1.tgz",
      "integrity": "sha512-qOo9F+dMUmC2Lcb4BbVvnKJxTPjCm+RRpe4gDuGrzkL7mEVl/djYSu2OdQ2Pa302N4oqkSg9ir6jaLWJ2USVpQ==",
      "peer": true,
      "requires": {
        "to-regex-range": "^5.0.1"
      }
    },
    "follow-redirects": {
      "version": "1.15.1",
      "resolved": "https://registry.npmjs.org/follow-redirects/-/follow-redirects-1.15.1.tgz",
      "integrity": "sha512-yLAMQs+k0b2m7cVxpS1VKJVvoz7SS9Td1zss3XRwXj+ZDH00RJgnuLx7E44wx02kQLrdM3aOOy+FpzS7+8OizA==",
      "peer": true
    },
    "fs.realpath": {
      "version": "1.0.0",
      "resolved": "https://registry.npmjs.org/fs.realpath/-/fs.realpath-1.0.0.tgz",
      "integrity": "sha512-OO0pH2lK6a0hZnAdau5ItzHPI6pUlvI7jMVnxUQRtw4owF2wk8lOSabtGDCTP4Ggrg2MbGnWO9X8K1t4+fGMDw==",
      "peer": true
    },
    "glob": {
      "version": "7.2.3",
      "resolved": "https://registry.npmjs.org/glob/-/glob-7.2.3.tgz",
      "integrity": "sha512-nFR0zLpU2YCaRxwoCJvL6UvCH2JFyFVIvwTLsIf21AuHlMskA1hhTdk+LlYJtOlYt9v6dvszD2BGRqBL+iQK9Q==",
      "peer": true,
      "requires": {
        "fs.realpath": "^1.0.0",
        "inflight": "^1.0.4",
        "inherits": "2",
        "minimatch": "^3.1.1",
        "once": "^1.3.0",
        "path-is-absolute": "^1.0.0"
      }
    },
    "http-proxy": {
      "version": "1.18.1",
      "resolved": "https://registry.npmjs.org/http-proxy/-/http-proxy-1.18.1.tgz",
      "integrity": "sha512-7mz/721AbnJwIVbnaSv1Cz3Am0ZLT/UBwkC92VlxhXv/k/BBQfM2fXElQNC27BVGr0uwUpplYPQM9LnaBMR5NQ==",
      "peer": true,
      "requires": {
        "eventemitter3": "^4.0.0",
        "follow-redirects": "^1.0.0",
        "requires-port": "^1.0.0"
      }
    },
    "http-proxy-middleware": {
      "version": "2.0.6",
      "resolved": "https://registry.npmjs.org/http-proxy-middleware/-/http-proxy-middleware-2.0.6.tgz",
      "integrity": "sha512-ya/UeJ6HVBYxrgYotAZo1KvPWlgB48kUJLDePFeneHsVujFaW5WNj2NgWCAE//B1Dl02BIfYlpNgBy8Kf8Rjmw==",
      "peer": true,
      "requires": {
        "@types/http-proxy": "^1.17.8",
        "http-proxy": "^1.18.1",
        "is-glob": "^4.0.1",
        "is-plain-obj": "^3.0.0",
        "micromatch": "^4.0.2"
      }
    },
    "ignore": {
      "version": "5.2.0",
      "resolved": "https://registry.npmjs.org/ignore/-/ignore-5.2.0.tgz",
      "integrity": "sha512-CmxgYGiEPCLhfLnpPp1MoRmifwEIOgjcHXxOBjv7mY96c+eWScsOP9c112ZyLdWHi0FxHjI+4uVhKYp/gcdRmQ==",
      "peer": true
    },
    "inflight": {
      "version": "1.0.6",
      "resolved": "https://registry.npmjs.org/inflight/-/inflight-1.0.6.tgz",
      "integrity": "sha512-k92I/b08q4wvFscXCLvqfsHCrjrF7yiXsQuIVvVE7N82W3+aqpzuUdBbfhWcy/FZR3/4IgflMgKLOsvPDrGCJA==",
      "peer": true,
      "requires": {
        "once": "^1.3.0",
        "wrappy": "1"
      }
    },
    "inherits": {
      "version": "2.0.4",
      "resolved": "https://registry.npmjs.org/inherits/-/inherits-2.0.4.tgz",
      "integrity": "sha512-k/vGaX4/Yla3WzyMCvTQOXYeIHvqOKtnqBduzTHpzpQZzAskKMhZ2K+EnBiSM9zGSoIFeMpXKxa4dYeZIQqewQ==",
      "peer": true
    },
    "is-extglob": {
      "version": "2.1.1",
      "resolved": "https://registry.npmjs.org/is-extglob/-/is-extglob-2.1.1.tgz",
      "integrity": "sha512-SbKbANkN603Vi4jEZv49LeVJMn4yGwsbzZworEoyEiutsN3nJYdbO36zfhGJ6QEDpOZIFkDtnq5JRxmvl3jsoQ==",
      "peer": true
    },
    "is-glob": {
      "version": "4.0.3",
      "resolved": "https://registry.npmjs.org/is-glob/-/is-glob-4.0.3.tgz",
      "integrity": "sha512-xelSayHH36ZgE7ZWhli7pW34hNbNl8Ojv5KVmkJD4hBdD3th8Tfk9vYasLM+mXWOZhFkgZfxhLSnrwRr4elSSg==",
      "peer": true,
      "requires": {
        "is-extglob": "^2.1.1"
      }
    },
    "is-number": {
      "version": "7.0.0",
      "resolved": "https://registry.npmjs.org/is-number/-/is-number-7.0.0.tgz",
      "integrity": "sha512-41Cifkg6e8TylSpdtTpeLVMqvSBEVzTttHvERD741+pnZ8ANv0004MRL43QKPDlK9cGvNp6NZWZUBlbGXYxxng==",
      "peer": true
    },
    "is-plain-obj": {
      "version": "3.0.0",
      "resolved": "https://registry.npmjs.org/is-plain-obj/-/is-plain-obj-3.0.0.tgz",
      "integrity": "sha512-gwsOE28k+23GP1B6vFl1oVh/WOzmawBrKwo5Ev6wMKzPkaXaCDIQKzLnvsA42DRlbVTWorkgTKIviAKCWkfUwA==",
      "peer": true
    },
    "json-schema-traverse": {
      "version": "1.0.0",
      "resolved": "https://registry.npmjs.org/json-schema-traverse/-/json-schema-traverse-1.0.0.tgz",
      "integrity": "sha512-NM8/P9n3XjXhIZn1lLhkFaACTOURQXjWhV4BA/RnOv8xvgqtqpAX9IO4mRQxSx1Rlo4tqzeqb0sOlruaOy3dug==",
      "peer": true
    },
    "micromatch": {
      "version": "4.0.5",
      "resolved": "https://registry.npmjs.org/micromatch/-/micromatch-4.0.5.tgz",
      "integrity": "sha512-DMy+ERcEW2q8Z2Po+WNXuw3c5YaUSFjAO5GsJqfEl7UjvtIuFKO6ZrKvcItdy98dwFI2N1tg3zNIdKaQT+aNdA==",
      "peer": true,
      "requires": {
        "braces": "^3.0.2",
        "picomatch": "^2.3.1"
      }
    },
    "minimatch": {
      "version": "3.1.2",
      "resolved": "https://registry.npmjs.org/minimatch/-/minimatch-3.1.2.tgz",
      "integrity": "sha512-J7p63hRiAjw1NDEww1W7i37+ByIrOWO5XQQAzZ3VOcL0PNybwpfmV/N05zFAzwQ9USyEcX6t3UO+K5aqBQOIHw==",
      "peer": true,
      "requires": {
        "brace-expansion": "^1.1.7"
      }
    },
    "once": {
      "version": "1.4.0",
      "resolved": "https://registry.npmjs.org/once/-/once-1.4.0.tgz",
      "integrity": "sha512-lNaJgI+2Q5URQBkccEKHTQOPaXdUxnZZElQTZY0MFUAuaEqe1E+Nyvgdz/aIyNi6Z9MzO5dv1H8n58/GELp3+w==",
      "peer": true,
      "requires": {
        "wrappy": "1"
      }
    },
    "path-is-absolute": {
      "version": "1.0.1",
      "resolved": "https://registry.npmjs.org/path-is-absolute/-/path-is-absolute-1.0.1.tgz",
      "integrity": "sha512-AVbw3UJ2e9bq64vSaS9Am0fje1Pa8pbGqTTsmXfaIiMpnr5DlDhfJOuLj9Sf95ZPVDAUerDfEk88MPmPe7UCQg==",
      "peer": true
    },
    "picomatch": {
      "version": "2.3.1",
      "resolved": "https://registry.npmjs.org/picomatch/-/picomatch-2.3.1.tgz",
      "integrity": "sha512-JU3teHTNjmE2VCGFzuY8EXzCDVwEqB2a8fsIvwaStHhAWJEeVd1o1QD80CU6+ZdEXXSLbSsuLwJjkCBWqRQUVA==",
      "peer": true
    },
    "punycode": {
      "version": "2.1.1",
      "resolved": "https://registry.npmjs.org/punycode/-/punycode-2.1.1.tgz",
      "integrity": "sha512-XRsRjdf+j5ml+y/6GKHPZbrF/8p2Yga0JPtdqTIY2Xe5ohJPD9saDJJLPvp9+NSBprVvevdXZybnj2cv8OEd0A==",
      "peer": true
    },
    "require-from-string": {
      "version": "2.0.2",
      "resolved": "https://registry.npmjs.org/require-from-string/-/require-from-string-2.0.2.tgz",
      "integrity": "sha512-Xf0nWe6RseziFMu+Ap9biiUbmplq6S9/p+7w7YXP/JBHhrUDDUhwa+vANyubuqfZWTveU//DYVGsDG7RKL/vEw==",
      "peer": true
    },
    "requires-port": {
      "version": "1.0.0",
      "resolved": "https://registry.npmjs.org/requires-port/-/requires-port-1.0.0.tgz",
      "integrity": "sha512-KigOCHcocU3XODJxsu8i/j8T9tzT4adHiecwORRQ0ZZFcp7ahwXuRU1m+yuO90C5ZUyGeGfocHDI14M3L3yDAQ==",
      "peer": true
    },
    "rollup-demo-decentraland-lib": {
      "version": "file:../rollup-lib-integration"
    },
    "source-map": {
      "version": "0.6.1",
      "resolved": "https://registry.npmjs.org/source-map/-/source-map-0.6.1.tgz",
      "integrity": "sha512-UjgapumWlbMhkBgzT7Ykc5YXUT46F0iKu8SGXq0bcwP5dz/h0Plj6enJqjz1Zbq2l5WaqYnrVbwWOWMyF3F47g==",
      "peer": true
    },
    "source-map-support": {
      "version": "0.5.21",
      "resolved": "https://registry.npmjs.org/source-map-support/-/source-map-support-0.5.21.tgz",
      "integrity": "sha512-uBHU3L3czsIyYXKX88fdrGovxdSCoTGDRZ6SYXtSRxLZUzHg5P/66Ht6uoUlHu9EZod+inXhKo3qQgwXUT/y1w==",
      "peer": true,
      "requires": {
        "buffer-from": "^1.0.0",
        "source-map": "^0.6.0"
      }
    },
    "terser": {
      "version": "5.14.1",
      "resolved": "https://registry.npmjs.org/terser/-/terser-5.14.1.tgz",
      "integrity": "sha512-+ahUAE+iheqBTDxXhTisdA8hgvbEG1hHOQ9xmNjeUJSoi6DU/gMrKNcfZjHkyY6Alnuyc+ikYJaxxfHkT3+WuQ==",
      "peer": true,
      "requires": {
        "@jridgewell/source-map": "^0.3.2",
        "acorn": "^8.5.0",
        "commander": "^2.20.0",
        "source-map-support": "~0.5.20"
      }
    },
    "to-regex-range": {
      "version": "5.0.1",
      "resolved": "https://registry.npmjs.org/to-regex-range/-/to-regex-range-5.0.1.tgz",
      "integrity": "sha512-65P7iz6X5yEr1cwcgvQxbbIw7Uk3gOy5dIdtZ4rDveLqhrdJP+Li/Hx6tyK0NEb+2GCyneCMJiGqrADCSNk8sQ==",
      "peer": true,
      "requires": {
        "is-number": "^7.0.0"
      }
    },
    "typescript": {
      "version": "4.7.3",
      "resolved": "https://registry.npmjs.org/typescript/-/typescript-4.7.3.tgz",
      "integrity": "sha512-WOkT3XYvrpXx4vMMqlD+8R8R37fZkjyLGlxavMc4iB8lrl8L0DeTcHbYgw/v0N/z9wAFsgBhcsF0ruoySS22mA==",
      "peer": true
    },
    "uri-js": {
      "version": "4.4.1",
      "resolved": "https://registry.npmjs.org/uri-js/-/uri-js-4.4.1.tgz",
      "integrity": "sha512-7rKUyy33Q1yc98pQ1DAmLtwX109F7TIfWlW1Ydo8Wl1ii1SeHieeh0HHfPeL2fMXK6z0s8ecKs9frCuLJvndBg==",
      "peer": true,
      "requires": {
        "punycode": "^2.1.0"
      }
    },
    "wrappy": {
      "version": "1.0.2",
      "resolved": "https://registry.npmjs.org/wrappy/-/wrappy-1.0.2.tgz",
      "integrity": "sha512-l4Sp/DRseor9wL6EvV2+TuQn63dMkPjZ/sp9XkghTEbV9KlPS1xUsZ3u7/IQO4wxtcFB4bgpQPRcR3QCvezPcQ==",
      "peer": true
    }
  }
}
