{
  "name": "simple-scene",
  "version": "1.0.0",
  "lockfileVersion": 2,
  "requires": true,
  "packages": {
    "": {
      "name": "simple-scene",
      "version": "1.0.0",
      "license": "Apache-2.0",
      "devDependencies": {
        "decentraland-ecs": "file:../../../../packages/decentraland-ecs"
      }
    },
    "../../../../packages/@dcl/amd": {
      "version": "0.0.0",
      "dev": true,
      "license": "MIT",
      "devDependencies": {
        "@dcl/posix": "^1.0.0"
      }
    },
    "../../../../packages/@dcl/amd/node_modules/@dcl/posix": {
      "version": "1.0.0-20210529225617.commit-f7f0ee9",
      "resolved": "https://registry.npmjs.org/@dcl/posix/-/posix-1.0.0-20210529225617.commit-f7f0ee9.tgz",
      "integrity": "sha512-yLxs4117kkDWFikIccMRR2ZeKRF61jzz1xAWEclew+8+qHjg/ffyDD86eSAoXd0xXCwv9o3s/I94zoiTykUlTA==",
      "dev": true
    },
    "../../../../packages/@dcl/build-ecs": {
      "version": "0.0.0",
      "dev": true,
      "license": "Apache 2.0",
      "dependencies": {
        "terser": "latest",
        "typescript": "latest"
      },
      "bin": {
        "build-ecs": "index.js"
      },
      "devDependencies": {
        "@types/node": "^14.17.1"
      }
    },
    "../../../../packages/@dcl/build-ecs/node_modules/@types/node": {
      "version": "14.17.1",
      "resolved": "https://registry.npmjs.org/@types/node/-/node-14.17.1.tgz",
      "integrity": "sha512-/tpUyFD7meeooTRwl3sYlihx2BrJE7q9XF71EguPFIySj9B7qgnRtHsHTho+0AUm4m1SvWGm6uSncrR94q6Vtw==",
      "dev": true
    },
    "../../../../packages/@dcl/build-ecs/node_modules/buffer-from": {
      "version": "1.1.1",
      "resolved": "https://registry.npmjs.org/buffer-from/-/buffer-from-1.1.1.tgz",
      "integrity": "sha512-MQcXEUbCKtEo7bhqEs6560Hyd4XaovZlO/k9V3hjVUF/zwW7KBVdSK4gIt/bzwS9MbR5qob+F5jusZsb0YQK2A==",
      "dev": true
    },
    "../../../../packages/@dcl/build-ecs/node_modules/commander": {
      "version": "2.20.3",
      "resolved": "https://registry.npmjs.org/commander/-/commander-2.20.3.tgz",
      "integrity": "sha512-GpVkmM8vF2vQUkj2LvZmD35JxeJOLCwJ9cUkugyk2nuhbv3+mJvpLYYt+0+USMxE+oj+ey/lJEnhZw75x/OMcQ==",
      "dev": true
    },
    "../../../../packages/@dcl/build-ecs/node_modules/source-map": {
      "version": "0.7.3",
      "resolved": "https://registry.npmjs.org/source-map/-/source-map-0.7.3.tgz",
      "integrity": "sha512-CkCj6giN3S+n9qrYiBTX5gystlENnRW5jZeNLHpe6aue+SrHcG5VYwujhW9s4dY31mEGsxBDrHR6oI69fTXsaQ==",
      "dev": true,
      "engines": {
        "node": ">= 8"
      }
    },
    "../../../../packages/@dcl/build-ecs/node_modules/source-map-support": {
      "version": "0.5.19",
      "resolved": "https://registry.npmjs.org/source-map-support/-/source-map-support-0.5.19.tgz",
      "integrity": "sha512-Wonm7zOCIJzBGQdB+thsPar0kYuCIzYvxZwlBa87yi/Mdjv7Tip2cyVbLj5o0cFPN4EVkuTwb3GDDyUx2DGnGw==",
      "dev": true,
      "dependencies": {
        "buffer-from": "^1.0.0",
        "source-map": "^0.6.0"
      }
    },
    "../../../../packages/@dcl/build-ecs/node_modules/source-map-support/node_modules/source-map": {
      "version": "0.6.1",
      "resolved": "https://registry.npmjs.org/source-map/-/source-map-0.6.1.tgz",
      "integrity": "sha512-UjgapumWlbMhkBgzT7Ykc5YXUT46F0iKu8SGXq0bcwP5dz/h0Plj6enJqjz1Zbq2l5WaqYnrVbwWOWMyF3F47g==",
      "dev": true,
      "engines": {
        "node": ">=0.10.0"
      }
    },
    "../../../../packages/@dcl/build-ecs/node_modules/terser": {
      "version": "5.7.0",
      "resolved": "https://registry.npmjs.org/terser/-/terser-5.7.0.tgz",
      "integrity": "sha512-HP5/9hp2UaZt5fYkuhNBR8YyRcT8juw8+uFbAme53iN9hblvKnLUTKkmwJG6ocWpIKf8UK4DoeWG4ty0J6S6/g==",
      "dev": true,
      "dependencies": {
        "commander": "^2.20.0",
        "source-map": "~0.7.2",
        "source-map-support": "~0.5.19"
      },
      "bin": {
        "terser": "bin/terser"
      },
      "engines": {
        "node": ">=10"
      }
    },
    "../../../../packages/@dcl/build-ecs/node_modules/typescript": {
      "version": "4.3.2",
      "resolved": "https://registry.npmjs.org/typescript/-/typescript-4.3.2.tgz",
      "integrity": "sha512-zZ4hShnmnoVnAHpVHWpTcxdv7dWP60S2FsydQLV8V5PbS3FifjWFFRiHSWpDJahly88PRyV5teTSLoq4eG7mKw==",
      "dev": true,
      "bin": {
        "tsc": "bin/tsc",
        "tsserver": "bin/tsserver"
      },
      "engines": {
        "node": ">=4.2.0"
      }
    },
    "../../../../packages/decentraland-ecs": {
      "version": "0.0.0",
      "dev": true,
      "license": "Apache 2.0",
      "dependencies": {
        "@dcl/amd": "file:../@dcl/amd",
        "@dcl/build-ecs": "file:../@dcl/build-ecs",
        "@dcl/kernel": "1.0.0-1183126330.commit-a3dbb32",
        "@dcl/posix": "^1.0.0",
        "@dcl/unity-renderer": "1.0.12119-20210830195045.commit-a8be53a",
        "glob": "^7.1.7",
        "http-proxy-middleware": "^2.0.1",
        "ignore": "^5.1.8"
      }
    },
    "../../../../packages/decentraland-ecs/node_modules/@dcl/amd": {
      "resolved": "../../../../packages/@dcl/amd",
      "link": true
    },
    "../../../../packages/decentraland-ecs/node_modules/@dcl/build-ecs": {
      "resolved": "../../../../packages/@dcl/build-ecs",
      "link": true
    },
    "../../../../packages/decentraland-ecs/node_modules/@dcl/posix": {
      "version": "1.0.0-20210529225617.commit-f7f0ee9",
      "resolved": "https://registry.npmjs.org/@dcl/posix/-/posix-1.0.0-20210529225617.commit-f7f0ee9.tgz",
      "integrity": "sha512-yLxs4117kkDWFikIccMRR2ZeKRF61jzz1xAWEclew+8+qHjg/ffyDD86eSAoXd0xXCwv9o3s/I94zoiTykUlTA==",
      "dev": true
    },
    "../../../../packages/decentraland-ecs/node_modules/@dcl/unity-renderer": {
      "version": "1.0.3221",
      "resolved": "https://registry.npmjs.org/@dcl/unity-renderer/-/unity-renderer-1.0.3221.tgz",
      "integrity": "sha512-qQrZcFSEjGeWaXdiqQKoOnh9v2y/o6QJdEbyD7OFB4jJajXo1EirgAaGqmuyVqfpXOMLWZtRZQNK6Ji4ttkcCQ==",
      "dev": true
    },
    "node_modules/decentraland-ecs": {
      "resolved": "../../../../packages/decentraland-ecs",
      "link": true
    }
  },
  "dependencies": {
    "decentraland-ecs": {
      "version": "file:../../../../packages/decentraland-ecs",
      "requires": {
        "@dcl/amd": "file:../@dcl/amd",
        "@dcl/build-ecs": "file:../@dcl/build-ecs",
        "@dcl/kernel": "1.0.0-1183126330.commit-a3dbb32",
        "@dcl/posix": "^1.0.0",
        "@dcl/unity-renderer": "1.0.12119-20210830195045.commit-a8be53a",
        "glob": "^7.1.7",
        "http-proxy-middleware": "^2.0.1",
        "ignore": "^5.1.8"
      },
      "dependencies": {
        "@dcl/amd": {
          "version": "file:../../../../packages/@dcl/amd",
          "requires": {
            "@dcl/posix": "^1.0.0"
          },
          "dependencies": {
            "@dcl/posix": {
              "version": "https://registry.npmjs.org/@dcl/posix/-/posix-1.0.0-20210529225617.commit-f7f0ee9.tgz",
              "integrity": "sha512-yLxs4117kkDWFikIccMRR2ZeKRF61jzz1xAWEclew+8+qHjg/ffyDD86eSAoXd0xXCwv9o3s/I94zoiTykUlTA==",
              "dev": true
            }
          }
        },
        "@dcl/build-ecs": {
          "version": "file:../../../../packages/@dcl/build-ecs",
          "requires": {
            "@types/node": "^14.17.1",
            "terser": "latest",
            "typescript": "latest"
          },
          "dependencies": {
            "@types/node": {
              "version": "14.17.1",
              "resolved": "https://registry.npmjs.org/@types/node/-/node-14.17.1.tgz",
              "integrity": "sha512-/tpUyFD7meeooTRwl3sYlihx2BrJE7q9XF71EguPFIySj9B7qgnRtHsHTho+0AUm4m1SvWGm6uSncrR94q6Vtw==",
              "dev": true
            },
            "buffer-from": {
              "version": "1.1.1",
              "resolved": "https://registry.npmjs.org/buffer-from/-/buffer-from-1.1.1.tgz",
              "integrity": "sha512-MQcXEUbCKtEo7bhqEs6560Hyd4XaovZlO/k9V3hjVUF/zwW7KBVdSK4gIt/bzwS9MbR5qob+F5jusZsb0YQK2A==",
              "dev": true
            },
            "commander": {
              "version": "2.20.3",
              "resolved": "https://registry.npmjs.org/commander/-/commander-2.20.3.tgz",
              "integrity": "sha512-GpVkmM8vF2vQUkj2LvZmD35JxeJOLCwJ9cUkugyk2nuhbv3+mJvpLYYt+0+USMxE+oj+ey/lJEnhZw75x/OMcQ==",
              "dev": true
            },
            "source-map": {
              "version": "0.7.3",
              "resolved": "https://registry.npmjs.org/source-map/-/source-map-0.7.3.tgz",
              "integrity": "sha512-CkCj6giN3S+n9qrYiBTX5gystlENnRW5jZeNLHpe6aue+SrHcG5VYwujhW9s4dY31mEGsxBDrHR6oI69fTXsaQ==",
              "dev": true
            },
            "source-map-support": {
              "version": "0.5.19",
              "resolved": "https://registry.npmjs.org/source-map-support/-/source-map-support-0.5.19.tgz",
              "integrity": "sha512-Wonm7zOCIJzBGQdB+thsPar0kYuCIzYvxZwlBa87yi/Mdjv7Tip2cyVbLj5o0cFPN4EVkuTwb3GDDyUx2DGnGw==",
              "dev": true,
              "requires": {
                "buffer-from": "^1.0.0",
                "source-map": "^0.6.0"
              },
              "dependencies": {
                "source-map": {
                  "version": "0.6.1",
                  "resolved": "https://registry.npmjs.org/source-map/-/source-map-0.6.1.tgz",
                  "integrity": "sha512-UjgapumWlbMhkBgzT7Ykc5YXUT46F0iKu8SGXq0bcwP5dz/h0Plj6enJqjz1Zbq2l5WaqYnrVbwWOWMyF3F47g==",
                  "dev": true
                }
              }
            },
            "terser": {
              "version": "5.7.0",
              "resolved": "https://registry.npmjs.org/terser/-/terser-5.7.0.tgz",
              "integrity": "sha512-HP5/9hp2UaZt5fYkuhNBR8YyRcT8juw8+uFbAme53iN9hblvKnLUTKkmwJG6ocWpIKf8UK4DoeWG4ty0J6S6/g==",
              "dev": true,
              "requires": {
                "commander": "^2.20.0",
                "source-map": "~0.7.2",
                "source-map-support": "~0.5.19"
              }
            },
            "typescript": {
              "version": "4.3.2",
              "resolved": "https://registry.npmjs.org/typescript/-/typescript-4.3.2.tgz",
              "integrity": "sha512-zZ4hShnmnoVnAHpVHWpTcxdv7dWP60S2FsydQLV8V5PbS3FifjWFFRiHSWpDJahly88PRyV5teTSLoq4eG7mKw==",
              "dev": true
            }
          }
        },
        "@dcl/posix": {
          "version": "https://registry.npmjs.org/@dcl/posix/-/posix-1.0.0-20210529225617.commit-f7f0ee9.tgz",
          "integrity": "sha512-yLxs4117kkDWFikIccMRR2ZeKRF61jzz1xAWEclew+8+qHjg/ffyDD86eSAoXd0xXCwv9o3s/I94zoiTykUlTA==",
          "dev": true
        },
        "@dcl/unity-renderer": {
          "version": "https://registry.npmjs.org/@dcl/unity-renderer/-/unity-renderer-1.0.3221.tgz",
          "integrity": "sha512-qQrZcFSEjGeWaXdiqQKoOnh9v2y/o6QJdEbyD7OFB4jJajXo1EirgAaGqmuyVqfpXOMLWZtRZQNK6Ji4ttkcCQ==",
          "dev": true
        }
      }
    }
  }
}
