{
  "name": "simple-scene",
  "version": "1.0.0",
  "lockfileVersion": 1,
  "requires": true,
  "dependencies": {
    "decentraland-ecs": {
      "version": "file:../../../../packages/decentraland-ecs",
      "dev": true,
      "requires": {
        "@dcl/posix": "^1.0.0-20210529225319.commit-9bde839",
        "@dcl/unity-renderer": "*"
      },
      "dependencies": {
        "@dcl/posix": {
          "version": "1.0.0-20210529225319.commit-9bde839",
          "resolved": "https://registry.npmjs.org/@dcl/posix/-/posix-1.0.0-20210529225319.commit-9bde839.tgz",
          "integrity": "sha512-cLXnilRlUxcdZl8KhIGtlKKBo1nlmqeiP0HsLjSEJgcIkIex5LtHYaIJzS7H5MmN+X8FRjhisKPlngUOgnIQSg==",
          "dev": true
        },
        "@dcl/unity-renderer": {
          "version": "1.0.813",
          "resolved": "https://registry.npmjs.org/@dcl/unity-renderer/-/unity-renderer-1.0.813.tgz",
          "integrity": "sha512-mPeKscaezc/AjvGR89eT64i1K5xneWIHaVY/d9sJSf78/YfGNHQ3JeuRmYWSg/naSk/SnfmBZv6cM+YiMph+mA==",
          "dev": true
        }
      }
    }
  }
}
