{
  "name": "@dcl/sdk-server",
  "version": "7.0.0",
  "lockfileVersion": 3,
  "requires": true,
  "packages": {
    "": {
      "name": "@dcl/sdk-server",
      "version": "7.0.0",
      "license": "Apache-2.0",
      "dependencies": {
        "@dcl/js-runtime": "file:../js-runtime",
        "@dcl/sdk": "file:../sdk"
      }
    },
    "../js-runtime": {
      "version": "7.0.0",
      "license": "Apache-2.0"
    },
    "../sdk": {
      "version": "7.0.0",
      "license": "Apache-2.0",
      "dependencies": {
        "@dcl/ecs": "file:../ecs",
        "@dcl/ecs-math": "2.1.0",
        "@dcl/explorer": "1.0.164509-20240802172549.commit-fb95b9b",
        "@dcl/js-runtime": "file:../js-runtime",
        "@dcl/react-ecs": "file:../react-ecs",
        "@dcl/sdk-commands": "file:../sdk-commands",
        "text-encoding": "0.7.0"
      }
    },
    "node_modules/@dcl/js-runtime": {
      "resolved": "../js-runtime",
      "link": true
    },
    "node_modules/@dcl/sdk": {
      "resolved": "../sdk",
      "link": true
    }
  }
}
