{
  "name": "@dcl/sdk-server",
  "version": "7.0.0",
  "lockfileVersion": 3,
  "requires": true,
  "packages": {
    "": {
      "name": "@dcl/sdk-server",
      "version": "7.0.0",
      "license": "Apache-2.0",
      "dependencies": {
        "@dcl/js-runtime": "file:../js-runtime"
      }
    },
    "../js-runtime": {
      "version": "7.0.0",
      "license": "Apache-2.0"
    },
    "node_modules/@dcl/js-runtime": {
      "resolved": "../js-runtime",
      "link": true
    }
  }
}
