{
  "name": "@dcl/playground-assets",
  "version": "7.0.0",
  "lockfileVersion": 2,
  "requires": true,
  "packages": {
    "": {
      "name": "@dcl/playground-assets",
      "version": "7.0.0",
      "license": "Apache-2.0",
      "dependencies": {
        "@dcl/sdk": "file:../sdk"
      }
    },
    "../sdk": {
      "version": "7.0.0",
      "license": "Apache-2.0",
      "dependencies": {
        "@dcl/dcl-rollup": "file:../dcl-rollup",
        "@dcl/ecs": "file:../ecs",
        "@dcl/ecs-math": "^2.0.1-20221108141807.commit-a1344cb",
        "@dcl/js-runtime": "file:../js-runtime",
        "@dcl/kernel": "^2.0.0-3568680164.commit-ec0d714",
        "@dcl/react-ecs": "file:../react-ecs",
        "@dcl/unity-renderer": "^1.0.64444-20221125155434.commit-fcef3c4"
      }
    },
    "node_modules/@dcl/sdk": {
      "resolved": "../sdk",
      "link": true
    }
  },
  "dependencies": {
    "@dcl/sdk": {
      "version": "file:../sdk",
      "requires": {
        "@dcl/dcl-rollup": "file:../dcl-rollup",
        "@dcl/ecs": "file:../ecs",
        "@dcl/ecs-math": "^2.0.1-20221108141807.commit-a1344cb",
        "@dcl/js-runtime": "file:../js-runtime",
        "@dcl/kernel": "^2.0.0-3568680164.commit-ec0d714",
        "@dcl/react-ecs": "file:../react-ecs",
        "@dcl/unity-renderer": "^1.0.64444-20221125155434.commit-fcef3c4"
      }
    }
  }
}
