{
  "name": "@dcl/playground-assets",
  "version": "7.0.0",
  "lockfileVersion": 2,
  "requires": true,
  "packages": {
    "": {
      "name": "@dcl/playground-assets",
      "version": "7.0.0",
      "license": "Apache-2.0",
      "dependencies": {
        "@dcl/sdk": "file:../sdk"
      }
    },
    "../sdk": {
      "version": "7.0.0",
      "license": "Apache-2.0",
      "dependencies": {
        "@dcl/dcl-rollup": "file:../dcl-rollup",
        "@dcl/ecs": "file:../ecs",
        "@dcl/ecs-math": "2.0.1-20221129185242.commit-40495c1",
        "@dcl/js-runtime": "file:../js-runtime",
        "@dcl/kernel": "2.0.0-3766760530.commit-239d2a9",
        "@dcl/mini-comms": "1.0.0",
        "@dcl/react-ecs": "file:../react-ecs",
        "@dcl/schemas": "5.14.0",
        "@dcl/unity-renderer": "1.0.68557-20221221195847.commit-f743b85",
        "@types/inquirer": "^8.2.5",
        "@well-known-components/env-config-provider": "^1.1.2-20220801195549.commit-101c273",
        "@well-known-components/http-server": "^1.1.6-20220927190058.commit-2dfb235",
        "@well-known-components/logger": "^3.0.0",
        "@well-known-components/metrics": "^2.0.1-20220909150423.commit-8f7e5bc",
        "arg": "5.0.2",
        "extract-zip": "2.0.1",
        "inquirer": "^8.2.5",
        "node-fetch": "^2.6.8",
        "open": "^8.4.0",
        "ora": "6.1.2",
        "portfinder": "^1.0.32",
        "undici": "^5.14.0"
      },
      "bin": {
        "sdk-commands": "cli/index.js"
      },
      "devDependencies": {
        "@types/node-fetch": "^2.6.1",
        "@types/ws": "^8.5.4"
      }
    },
    "node_modules/@dcl/sdk": {
      "resolved": "../sdk",
      "link": true
    }
  },
  "dependencies": {
    "@dcl/sdk": {
      "version": "file:../sdk",
      "requires": {
        "@dcl/dcl-rollup": "file:../dcl-rollup",
        "@dcl/ecs": "file:../ecs",
        "@dcl/ecs-math": "2.0.1-20221129185242.commit-40495c1",
        "@dcl/js-runtime": "file:../js-runtime",
        "@dcl/kernel": "2.0.0-3766760530.commit-239d2a9",
        "@dcl/mini-comms": "1.0.0",
        "@dcl/react-ecs": "file:../react-ecs",
        "@dcl/schemas": "5.14.0",
        "@dcl/unity-renderer": "1.0.68557-20221221195847.commit-f743b85",
        "@types/inquirer": "^8.2.5",
        "@types/node-fetch": "^2.6.1",
        "@types/ws": "^8.5.4",
        "@well-known-components/env-config-provider": "^1.1.2-20220801195549.commit-101c273",
        "@well-known-components/http-server": "^1.1.6-20220927190058.commit-2dfb235",
        "@well-known-components/logger": "^3.0.0",
        "@well-known-components/metrics": "^2.0.1-20220909150423.commit-8f7e5bc",
        "arg": "5.0.2",
        "extract-zip": "2.0.1",
        "inquirer": "^8.2.5",
        "node-fetch": "^2.6.8",
        "open": "^8.4.0",
        "ora": "6.1.2",
        "portfinder": "^1.0.32",
        "undici": "^5.14.0"
      }
    }
  }
}
