{
  "name": "@dcl/playground-assets",
  "version": "7.0.0",
  "lockfileVersion": 2,
  "requires": true,
  "packages": {
    "": {
      "name": "@dcl/playground-assets",
      "version": "7.0.0",
      "license": "Apache-2.0",
      "dependencies": {
        "@dcl/sdk": "file:../sdk"
      }
    },
    "../sdk": {
      "version": "7.0.0",
      "license": "Apache-2.0",
      "dependencies": {
        "@dcl/dcl-rollup": "file:../dcl-rollup",
        "@dcl/ecs": "file:../ecs",
        "@dcl/ecs-math": "2.0.1-20221129185242.commit-40495c1",
        "@dcl/js-runtime": "file:../js-runtime",
        "@dcl/kernel": "^2.0.0-3605137484.commit-bbe0daf",
        "@dcl/react-ecs": "file:../react-ecs",
        "@dcl/unity-renderer": "^1.0.65862-20221202210950.commit-7813081"
      }
    },
    "node_modules/@dcl/sdk": {
      "resolved": "../sdk",
      "link": true
    }
  },
  "dependencies": {
    "@dcl/sdk": {
      "version": "file:../sdk",
      "requires": {
        "@dcl/dcl-rollup": "file:../dcl-rollup",
        "@dcl/ecs": "file:../ecs",
        "@dcl/ecs-math": "2.0.1-20221129185242.commit-40495c1",
        "@dcl/js-runtime": "file:../js-runtime",
        "@dcl/kernel": "^2.0.0-3605137484.commit-bbe0daf",
        "@dcl/react-ecs": "file:../react-ecs",
        "@dcl/unity-renderer": "^1.0.65862-20221202210950.commit-7813081"
      }
    }
  }
}
